
Microsoft Visual Studio Solution File, Format Version 12.00
# Visual Studio Version 16
VisualStudioVersion = 16.0.31004.235
MinimumVisualStudioVersion = 10.0.40219.1
Project("{FAE04EC0-301F-11D3-BF4B-00C04F79EFBC}") = "ApiEjemplo", "ApiEjemplo\ApiEjemplo.csproj", "{514B342B-F96B-4B5B-94F9-C1CF9CEF738D}"
EndProject
Global
	GlobalSection(SolutionConfigurationPlatforms) = preSolution
		Debug|Any CPU = Debug|Any CPU
		Release|Any CPU = Release|Any CPU
	EndGlobalSection
	GlobalSection(ProjectConfigurationPlatforms) = postSolution
		{514B342B-F96B-4B5B-94F9-C1CF9CEF738D}.Debug|Any CPU.ActiveCfg = Debug|Any CPU
		{514B342B-F96B-4B5B-94F9-C1CF9CEF738D}.Debug|Any CPU.Build.0 = Debug|Any CPU
		{514B342B-F96B-4B5B-94F9-C1CF9CEF738D}.Release|Any CPU.ActiveCfg = Release|Any CPU
		{514B342B-F96B-4B5B-94F9-C1CF9CEF738D}.Release|Any CPU.Build.0 = Release|Any CPU
	EndGlobalSection
	GlobalSection(SolutionProperties) = preSolution
		HideSolutionNode = FALSE
	EndGlobalSection
	GlobalSection(ExtensibilityGlobals) = postSolution
		SolutionGuid = {3E4197E4-215E-47FE-9C40-F435A76ACA7A}
	EndGlobalSection
EndGlobal
