
Microsoft Visual Studio Solution File, Format Version 12.00
# Visual Studio Version 16
VisualStudioVersion = 16.0.31004.235
MinimumVisualStudioVersion = 10.0.40219.1
Project("{9A19103F-16F7-4668-BE54-9A1E7A4F7556}") = "ApiEjemplo", "ApiEjemplo\ApiEjemplo.csproj", "{514B342B-F96B-4B5B-94F9-C1CF9CEF738D}"
EndProject
Project("{9A19103F-16F7-4668-BE54-9A1E7A4F7556}") = "ConsoleClient", "ConsoleClient\ConsoleClient.csproj", "{04BF5F09-8277-4C50-9C11-87ED936D7CA0}"
EndProject
Project("{D954291E-2A0B-460D-934E-DC6B0785DB48}") = "BikingUltimate.Shared", "BikingUltimate\BikingUltimate.Shared\BikingUltimate.Shared.shproj", "{6279C845-92F8-4333-AB99-3D213163593C}"
EndProject
Project("{2150E333-8FDC-42A3-9474-1A3956D46DE8}") = "Platforms", "Platforms", "{614F434E-3777-41D6-8D4C-B3EEBC1178BA}"
EndProject
Project("{FAE04EC0-301F-11D3-BF4B-00C04F79EFBC}") = "BikingUltimate.Droid", "BikingUltimate\BikingUltimate.Droid\BikingUltimate.Droid.csproj", "{CC18421C-75DE-4F9F-A55E-DA4E99D3F58E}"
EndProject
Project("{FAE04EC0-301F-11D3-BF4B-00C04F79EFBC}") = "BikingUltimate.iOS", "BikingUltimate\BikingUltimate.iOS\BikingUltimate.iOS.csproj", "{E4A8BFE6-431D-4F88-9FC5-5F027D3849B9}"
EndProject
Project("{FAE04EC0-301F-11D3-BF4B-00C04F79EFBC}") = "BikingUltimate.UWP", "BikingUltimate\BikingUltimate.UWP\BikingUltimate.UWP.csproj", "{9EF453B5-67B0-45E6-B4C8-3860DAB8507D}"
EndProject
Project("{FAE04EC0-301F-11D3-BF4B-00C04F79EFBC}") = "BikingUltimate.Wasm", "BikingUltimate\BikingUltimate.Wasm\BikingUltimate.Wasm.csproj", "{4A6B0B7F-3005-45B1-B5D4-7B5070569021}"
EndProject
Project("{FAE04EC0-301F-11D3-BF4B-00C04F79EFBC}") = "BikingUltimate.macOS", "BikingUltimate\BikingUltimate.macOS\BikingUltimate.macOS.csproj", "{20C412A2-5C10-4859-A1DA-D19B82D7C9C8}"
EndProject
Project("{FAE04EC0-301F-11D3-BF4B-00C04F79EFBC}") = "BikingUltimate.Skia.Wpf.Host", "BikingUltimate\BikingUltimate.Skia.Wpf.Host\BikingUltimate.Skia.Wpf.Host.csproj", "{C3861E22-B780-4067-8A24-3FE4F1378680}"
EndProject
Project("{FAE04EC0-301F-11D3-BF4B-00C04F79EFBC}") = "BikingUltimate.Skia.Wpf", "BikingUltimate\BikingUltimate.Skia.Wpf\BikingUltimate.Skia.Wpf.csproj", "{9A56B620-C923-4536-8BE3-12F424FABA10}"
EndProject
Project("{FAE04EC0-301F-11D3-BF4B-00C04F79EFBC}") = "BikingUltimate.Skia.Gtk", "BikingUltimate\BikingUltimate.Skia.Gtk\BikingUltimate.Skia.Gtk.csproj", "{2E696CF8-A6E9-44A1-B950-F39B0353A388}"
EndProject
Project("{FAE04EC0-301F-11D3-BF4B-00C04F79EFBC}") = "BikingUltimate.Skia.Tizen", "BikingUltimate\BikingUltimate.Skia.Tizen\BikingUltimate.Skia.Tizen.csproj", "{50BFF244-CFF5-4A6B-B1FF-9CB318EBD263}"
EndProject
Project("{FAE04EC0-301F-11D3-BF4B-00C04F79EFBC}") = "BikingUltimate.Client", "BikingUltimate.Client\BikingUltimate.Client.csproj", "{B4DFFDCA-5F66-4BC3-A92D-C49692A8C5F8}"
EndProject
Global
	GlobalSection(SharedMSBuildProjectFiles) = preSolution
		BikingUltimate\BikingUltimate.Shared\BikingUltimate.Shared.projitems*{20c412a2-5c10-4859-a1da-d19b82d7c9c8}*SharedItemsImports = 4
		BikingUltimate\BikingUltimate.Shared\BikingUltimate.Shared.projitems*{2e696cf8-a6e9-44a1-b950-f39b0353a388}*SharedItemsImports = 5
		BikingUltimate\BikingUltimate.Shared\BikingUltimate.Shared.projitems*{4a6b0b7f-3005-45b1-b5d4-7b5070569021}*SharedItemsImports = 5
		BikingUltimate\BikingUltimate.Shared\BikingUltimate.Shared.projitems*{50bff244-cff5-4a6b-b1ff-9cb318ebd263}*SharedItemsImports = 5
		BikingUltimate\BikingUltimate.Shared\BikingUltimate.Shared.projitems*{6279c845-92f8-4333-ab99-3d213163593c}*SharedItemsImports = 13
		BikingUltimate\BikingUltimate.Shared\BikingUltimate.Shared.projitems*{9a56b620-c923-4536-8be3-12f424faba10}*SharedItemsImports = 5
		BikingUltimate\BikingUltimate.Shared\BikingUltimate.Shared.projitems*{9ef453b5-67b0-45e6-b4c8-3860dab8507d}*SharedItemsImports = 4
		BikingUltimate\BikingUltimate.Shared\BikingUltimate.Shared.projitems*{cc18421c-75de-4f9f-a55e-da4e99d3f58e}*SharedItemsImports = 4
		BikingUltimate\BikingUltimate.Shared\BikingUltimate.Shared.projitems*{e4a8bfe6-431d-4f88-9fc5-5f027d3849b9}*SharedItemsImports = 4
	EndGlobalSection
	GlobalSection(SolutionConfigurationPlatforms) = preSolution
		Ad-Hoc|Any CPU = Ad-Hoc|Any CPU
		Ad-Hoc|ARM = Ad-Hoc|ARM
		Ad-Hoc|ARM64 = Ad-Hoc|ARM64
		Ad-Hoc|iPhone = Ad-Hoc|iPhone
		Ad-Hoc|iPhoneSimulator = Ad-Hoc|iPhoneSimulator
		Ad-Hoc|x64 = Ad-Hoc|x64
		Ad-Hoc|x86 = Ad-Hoc|x86
		AppStore|Any CPU = AppStore|Any CPU
		AppStore|ARM = AppStore|ARM
		AppStore|ARM64 = AppStore|ARM64
		AppStore|iPhone = AppStore|iPhone
		AppStore|iPhoneSimulator = AppStore|iPhoneSimulator
		AppStore|x64 = AppStore|x64
		AppStore|x86 = AppStore|x86
		Debug|Any CPU = Debug|Any CPU
		Debug|ARM = Debug|ARM
		Debug|ARM64 = Debug|ARM64
		Debug|iPhone = Debug|iPhone
		Debug|iPhoneSimulator = Debug|iPhoneSimulator
		Debug|x64 = Debug|x64
		Debug|x86 = Debug|x86
		Release|Any CPU = Release|Any CPU
		Release|ARM = Release|ARM
		Release|ARM64 = Release|ARM64
		Release|iPhone = Release|iPhone
		Release|iPhoneSimulator = Release|iPhoneSimulator
		Release|x64 = Release|x64
		Release|x86 = Release|x86
	EndGlobalSection
	GlobalSection(ProjectConfigurationPlatforms) = postSolution
		{514B342B-F96B-4B5B-94F9-C1CF9CEF738D}.Ad-Hoc|Any CPU.ActiveCfg = Release|Any CPU
		{514B342B-F96B-4B5B-94F9-C1CF9CEF738D}.Ad-Hoc|Any CPU.Build.0 = Release|Any CPU
		{514B342B-F96B-4B5B-94F9-C1CF9CEF738D}.Ad-Hoc|ARM.ActiveCfg = Release|Any CPU
		{514B342B-F96B-4B5B-94F9-C1CF9CEF738D}.Ad-Hoc|ARM.Build.0 = Release|Any CPU
		{514B342B-F96B-4B5B-94F9-C1CF9CEF738D}.Ad-Hoc|ARM64.ActiveCfg = Release|Any CPU
		{514B342B-F96B-4B5B-94F9-C1CF9CEF738D}.Ad-Hoc|ARM64.Build.0 = Release|Any CPU
		{514B342B-F96B-4B5B-94F9-C1CF9CEF738D}.Ad-Hoc|iPhone.ActiveCfg = Release|Any CPU
		{514B342B-F96B-4B5B-94F9-C1CF9CEF738D}.Ad-Hoc|iPhone.Build.0 = Release|Any CPU
		{514B342B-F96B-4B5B-94F9-C1CF9CEF738D}.Ad-Hoc|iPhoneSimulator.ActiveCfg = Release|Any CPU
		{514B342B-F96B-4B5B-94F9-C1CF9CEF738D}.Ad-Hoc|iPhoneSimulator.Build.0 = Release|Any CPU
		{514B342B-F96B-4B5B-94F9-C1CF9CEF738D}.Ad-Hoc|x64.ActiveCfg = Release|Any CPU
		{514B342B-F96B-4B5B-94F9-C1CF9CEF738D}.Ad-Hoc|x64.Build.0 = Release|Any CPU
		{514B342B-F96B-4B5B-94F9-C1CF9CEF738D}.Ad-Hoc|x86.ActiveCfg = Release|Any CPU
		{514B342B-F96B-4B5B-94F9-C1CF9CEF738D}.Ad-Hoc|x86.Build.0 = Release|Any CPU
		{514B342B-F96B-4B5B-94F9-C1CF9CEF738D}.AppStore|Any CPU.ActiveCfg = Release|Any CPU
		{514B342B-F96B-4B5B-94F9-C1CF9CEF738D}.AppStore|Any CPU.Build.0 = Release|Any CPU
		{514B342B-F96B-4B5B-94F9-C1CF9CEF738D}.AppStore|ARM.ActiveCfg = Release|Any CPU
		{514B342B-F96B-4B5B-94F9-C1CF9CEF738D}.AppStore|ARM.Build.0 = Release|Any CPU
		{514B342B-F96B-4B5B-94F9-C1CF9CEF738D}.AppStore|ARM64.ActiveCfg = Release|Any CPU
		{514B342B-F96B-4B5B-94F9-C1CF9CEF738D}.AppStore|ARM64.Build.0 = Release|Any CPU
		{514B342B-F96B-4B5B-94F9-C1CF9CEF738D}.AppStore|iPhone.ActiveCfg = Release|Any CPU
		{514B342B-F96B-4B5B-94F9-C1CF9CEF738D}.AppStore|iPhone.Build.0 = Release|Any CPU
		{514B342B-F96B-4B5B-94F9-C1CF9CEF738D}.AppStore|iPhoneSimulator.ActiveCfg = Release|Any CPU
		{514B342B-F96B-4B5B-94F9-C1CF9CEF738D}.AppStore|iPhoneSimulator.Build.0 = Release|Any CPU
		{514B342B-F96B-4B5B-94F9-C1CF9CEF738D}.AppStore|x64.ActiveCfg = Release|Any CPU
		{514B342B-F96B-4B5B-94F9-C1CF9CEF738D}.AppStore|x64.Build.0 = Release|Any CPU
		{514B342B-F96B-4B5B-94F9-C1CF9CEF738D}.AppStore|x86.ActiveCfg = Release|Any CPU
		{514B342B-F96B-4B5B-94F9-C1CF9CEF738D}.AppStore|x86.Build.0 = Release|Any CPU
		{514B342B-F96B-4B5B-94F9-C1CF9CEF738D}.Debug|Any CPU.ActiveCfg = Debug|Any CPU
		{514B342B-F96B-4B5B-94F9-C1CF9CEF738D}.Debug|Any CPU.Build.0 = Debug|Any CPU
		{514B342B-F96B-4B5B-94F9-C1CF9CEF738D}.Debug|ARM.ActiveCfg = Debug|Any CPU
		{514B342B-F96B-4B5B-94F9-C1CF9CEF738D}.Debug|ARM.Build.0 = Debug|Any CPU
		{514B342B-F96B-4B5B-94F9-C1CF9CEF738D}.Debug|ARM64.ActiveCfg = Debug|Any CPU
		{514B342B-F96B-4B5B-94F9-C1CF9CEF738D}.Debug|ARM64.Build.0 = Debug|Any CPU
		{514B342B-F96B-4B5B-94F9-C1CF9CEF738D}.Debug|iPhone.ActiveCfg = Debug|Any CPU
		{514B342B-F96B-4B5B-94F9-C1CF9CEF738D}.Debug|iPhone.Build.0 = Debug|Any CPU
		{514B342B-F96B-4B5B-94F9-C1CF9CEF738D}.Debug|iPhoneSimulator.ActiveCfg = Debug|Any CPU
		{514B342B-F96B-4B5B-94F9-C1CF9CEF738D}.Debug|iPhoneSimulator.Build.0 = Debug|Any CPU
		{514B342B-F96B-4B5B-94F9-C1CF9CEF738D}.Debug|x64.ActiveCfg = Debug|Any CPU
		{514B342B-F96B-4B5B-94F9-C1CF9CEF738D}.Debug|x64.Build.0 = Debug|Any CPU
		{514B342B-F96B-4B5B-94F9-C1CF9CEF738D}.Debug|x86.ActiveCfg = Debug|Any CPU
		{514B342B-F96B-4B5B-94F9-C1CF9CEF738D}.Debug|x86.Build.0 = Debug|Any CPU
		{514B342B-F96B-4B5B-94F9-C1CF9CEF738D}.Release|Any CPU.ActiveCfg = Release|Any CPU
		{514B342B-F96B-4B5B-94F9-C1CF9CEF738D}.Release|Any CPU.Build.0 = Release|Any CPU
		{514B342B-F96B-4B5B-94F9-C1CF9CEF738D}.Release|ARM.ActiveCfg = Release|Any CPU
		{514B342B-F96B-4B5B-94F9-C1CF9CEF738D}.Release|ARM.Build.0 = Release|Any CPU
		{514B342B-F96B-4B5B-94F9-C1CF9CEF738D}.Release|ARM64.ActiveCfg = Release|Any CPU
		{514B342B-F96B-4B5B-94F9-C1CF9CEF738D}.Release|ARM64.Build.0 = Release|Any CPU
		{514B342B-F96B-4B5B-94F9-C1CF9CEF738D}.Release|iPhone.ActiveCfg = Release|Any CPU
		{514B342B-F96B-4B5B-94F9-C1CF9CEF738D}.Release|iPhone.Build.0 = Release|Any CPU
		{514B342B-F96B-4B5B-94F9-C1CF9CEF738D}.Release|iPhoneSimulator.ActiveCfg = Release|Any CPU
		{514B342B-F96B-4B5B-94F9-C1CF9CEF738D}.Release|iPhoneSimulator.Build.0 = Release|Any CPU
		{514B342B-F96B-4B5B-94F9-C1CF9CEF738D}.Release|x64.ActiveCfg = Release|Any CPU
		{514B342B-F96B-4B5B-94F9-C1CF9CEF738D}.Release|x64.Build.0 = Release|Any CPU
		{514B342B-F96B-4B5B-94F9-C1CF9CEF738D}.Release|x86.ActiveCfg = Release|Any CPU
		{514B342B-F96B-4B5B-94F9-C1CF9CEF738D}.Release|x86.Build.0 = Release|Any CPU
		{04BF5F09-8277-4C50-9C11-87ED936D7CA0}.Ad-Hoc|Any CPU.ActiveCfg = Release|Any CPU
		{04BF5F09-8277-4C50-9C11-87ED936D7CA0}.Ad-Hoc|Any CPU.Build.0 = Release|Any CPU
		{04BF5F09-8277-4C50-9C11-87ED936D7CA0}.Ad-Hoc|ARM.ActiveCfg = Release|Any CPU
		{04BF5F09-8277-4C50-9C11-87ED936D7CA0}.Ad-Hoc|ARM.Build.0 = Release|Any CPU
		{04BF5F09-8277-4C50-9C11-87ED936D7CA0}.Ad-Hoc|ARM64.ActiveCfg = Release|Any CPU
		{04BF5F09-8277-4C50-9C11-87ED936D7CA0}.Ad-Hoc|ARM64.Build.0 = Release|Any CPU
		{04BF5F09-8277-4C50-9C11-87ED936D7CA0}.Ad-Hoc|iPhone.ActiveCfg = Release|Any CPU
		{04BF5F09-8277-4C50-9C11-87ED936D7CA0}.Ad-Hoc|iPhone.Build.0 = Release|Any CPU
		{04BF5F09-8277-4C50-9C11-87ED936D7CA0}.Ad-Hoc|iPhoneSimulator.ActiveCfg = Release|Any CPU
		{04BF5F09-8277-4C50-9C11-87ED936D7CA0}.Ad-Hoc|iPhoneSimulator.Build.0 = Release|Any CPU
		{04BF5F09-8277-4C50-9C11-87ED936D7CA0}.Ad-Hoc|x64.ActiveCfg = Release|Any CPU
		{04BF5F09-8277-4C50-9C11-87ED936D7CA0}.Ad-Hoc|x64.Build.0 = Release|Any CPU
		{04BF5F09-8277-4C50-9C11-87ED936D7CA0}.Ad-Hoc|x86.ActiveCfg = Release|Any CPU
		{04BF5F09-8277-4C50-9C11-87ED936D7CA0}.Ad-Hoc|x86.Build.0 = Release|Any CPU
		{04BF5F09-8277-4C50-9C11-87ED936D7CA0}.AppStore|Any CPU.ActiveCfg = Release|Any CPU
		{04BF5F09-8277-4C50-9C11-87ED936D7CA0}.AppStore|Any CPU.Build.0 = Release|Any CPU
		{04BF5F09-8277-4C50-9C11-87ED936D7CA0}.AppStore|ARM.ActiveCfg = Release|Any CPU
		{04BF5F09-8277-4C50-9C11-87ED936D7CA0}.AppStore|ARM.Build.0 = Release|Any CPU
		{04BF5F09-8277-4C50-9C11-87ED936D7CA0}.AppStore|ARM64.ActiveCfg = Release|Any CPU
		{04BF5F09-8277-4C50-9C11-87ED936D7CA0}.AppStore|ARM64.Build.0 = Release|Any CPU
		{04BF5F09-8277-4C50-9C11-87ED936D7CA0}.AppStore|iPhone.ActiveCfg = Release|Any CPU
		{04BF5F09-8277-4C50-9C11-87ED936D7CA0}.AppStore|iPhone.Build.0 = Release|Any CPU
		{04BF5F09-8277-4C50-9C11-87ED936D7CA0}.AppStore|iPhoneSimulator.ActiveCfg = Release|Any CPU
		{04BF5F09-8277-4C50-9C11-87ED936D7CA0}.AppStore|iPhoneSimulator.Build.0 = Release|Any CPU
		{04BF5F09-8277-4C50-9C11-87ED936D7CA0}.AppStore|x64.ActiveCfg = Release|Any CPU
		{04BF5F09-8277-4C50-9C11-87ED936D7CA0}.AppStore|x64.Build.0 = Release|Any CPU
		{04BF5F09-8277-4C50-9C11-87ED936D7CA0}.AppStore|x86.ActiveCfg = Release|Any CPU
		{04BF5F09-8277-4C50-9C11-87ED936D7CA0}.AppStore|x86.Build.0 = Release|Any CPU
		{04BF5F09-8277-4C50-9C11-87ED936D7CA0}.Debug|Any CPU.ActiveCfg = Debug|Any CPU
		{04BF5F09-8277-4C50-9C11-87ED936D7CA0}.Debug|Any CPU.Build.0 = Debug|Any CPU
		{04BF5F09-8277-4C50-9C11-87ED936D7CA0}.Debug|ARM.ActiveCfg = Debug|Any CPU
		{04BF5F09-8277-4C50-9C11-87ED936D7CA0}.Debug|ARM.Build.0 = Debug|Any CPU
		{04BF5F09-8277-4C50-9C11-87ED936D7CA0}.Debug|ARM64.ActiveCfg = Debug|Any CPU
		{04BF5F09-8277-4C50-9C11-87ED936D7CA0}.Debug|ARM64.Build.0 = Debug|Any CPU
		{04BF5F09-8277-4C50-9C11-87ED936D7CA0}.Debug|iPhone.ActiveCfg = Debug|Any CPU
		{04BF5F09-8277-4C50-9C11-87ED936D7CA0}.Debug|iPhone.Build.0 = Debug|Any CPU
		{04BF5F09-8277-4C50-9C11-87ED936D7CA0}.Debug|iPhoneSimulator.ActiveCfg = Debug|Any CPU
		{04BF5F09-8277-4C50-9C11-87ED936D7CA0}.Debug|iPhoneSimulator.Build.0 = Debug|Any CPU
		{04BF5F09-8277-4C50-9C11-87ED936D7CA0}.Debug|x64.ActiveCfg = Debug|Any CPU
		{04BF5F09-8277-4C50-9C11-87ED936D7CA0}.Debug|x64.Build.0 = Debug|Any CPU
		{04BF5F09-8277-4C50-9C11-87ED936D7CA0}.Debug|x86.ActiveCfg = Debug|Any CPU
		{04BF5F09-8277-4C50-9C11-87ED936D7CA0}.Debug|x86.Build.0 = Debug|Any CPU
		{04BF5F09-8277-4C50-9C11-87ED936D7CA0}.Release|Any CPU.ActiveCfg = Release|Any CPU
		{04BF5F09-8277-4C50-9C11-87ED936D7CA0}.Release|Any CPU.Build.0 = Release|Any CPU
		{04BF5F09-8277-4C50-9C11-87ED936D7CA0}.Release|ARM.ActiveCfg = Release|Any CPU
		{04BF5F09-8277-4C50-9C11-87ED936D7CA0}.Release|ARM.Build.0 = Release|Any CPU
		{04BF5F09-8277-4C50-9C11-87ED936D7CA0}.Release|ARM64.ActiveCfg = Release|Any CPU
		{04BF5F09-8277-4C50-9C11-87ED936D7CA0}.Release|ARM64.Build.0 = Release|Any CPU
		{04BF5F09-8277-4C50-9C11-87ED936D7CA0}.Release|iPhone.ActiveCfg = Release|Any CPU
		{04BF5F09-8277-4C50-9C11-87ED936D7CA0}.Release|iPhone.Build.0 = Release|Any CPU
		{04BF5F09-8277-4C50-9C11-87ED936D7CA0}.Release|iPhoneSimulator.ActiveCfg = Release|Any CPU
		{04BF5F09-8277-4C50-9C11-87ED936D7CA0}.Release|iPhoneSimulator.Build.0 = Release|Any CPU
		{04BF5F09-8277-4C50-9C11-87ED936D7CA0}.Release|x64.ActiveCfg = Release|Any CPU
		{04BF5F09-8277-4C50-9C11-87ED936D7CA0}.Release|x64.Build.0 = Release|Any CPU
		{04BF5F09-8277-4C50-9C11-87ED936D7CA0}.Release|x86.ActiveCfg = Release|Any CPU
		{04BF5F09-8277-4C50-9C11-87ED936D7CA0}.Release|x86.Build.0 = Release|Any CPU
		{CC18421C-75DE-4F9F-A55E-DA4E99D3F58E}.Ad-Hoc|Any CPU.ActiveCfg = Debug|Any CPU
		{CC18421C-75DE-4F9F-A55E-DA4E99D3F58E}.Ad-Hoc|Any CPU.Build.0 = Debug|Any CPU
		{CC18421C-75DE-4F9F-A55E-DA4E99D3F58E}.Ad-Hoc|Any CPU.Deploy.0 = Debug|Any CPU
		{CC18421C-75DE-4F9F-A55E-DA4E99D3F58E}.Ad-Hoc|ARM.ActiveCfg = Debug|Any CPU
		{CC18421C-75DE-4F9F-A55E-DA4E99D3F58E}.Ad-Hoc|ARM.Build.0 = Debug|Any CPU
		{CC18421C-75DE-4F9F-A55E-DA4E99D3F58E}.Ad-Hoc|ARM.Deploy.0 = Debug|Any CPU
		{CC18421C-75DE-4F9F-A55E-DA4E99D3F58E}.Ad-Hoc|ARM64.ActiveCfg = Debug|Any CPU
		{CC18421C-75DE-4F9F-A55E-DA4E99D3F58E}.Ad-Hoc|ARM64.Build.0 = Debug|Any CPU
		{CC18421C-75DE-4F9F-A55E-DA4E99D3F58E}.Ad-Hoc|ARM64.Deploy.0 = Debug|Any CPU
		{CC18421C-75DE-4F9F-A55E-DA4E99D3F58E}.Ad-Hoc|iPhone.ActiveCfg = Debug|Any CPU
		{CC18421C-75DE-4F9F-A55E-DA4E99D3F58E}.Ad-Hoc|iPhone.Build.0 = Debug|Any CPU
		{CC18421C-75DE-4F9F-A55E-DA4E99D3F58E}.Ad-Hoc|iPhone.Deploy.0 = Debug|Any CPU
		{CC18421C-75DE-4F9F-A55E-DA4E99D3F58E}.Ad-Hoc|iPhoneSimulator.ActiveCfg = Debug|Any CPU
		{CC18421C-75DE-4F9F-A55E-DA4E99D3F58E}.Ad-Hoc|iPhoneSimulator.Build.0 = Debug|Any CPU
		{CC18421C-75DE-4F9F-A55E-DA4E99D3F58E}.Ad-Hoc|iPhoneSimulator.Deploy.0 = Debug|Any CPU
		{CC18421C-75DE-4F9F-A55E-DA4E99D3F58E}.Ad-Hoc|x64.ActiveCfg = Debug|Any CPU
		{CC18421C-75DE-4F9F-A55E-DA4E99D3F58E}.Ad-Hoc|x64.Build.0 = Debug|Any CPU
		{CC18421C-75DE-4F9F-A55E-DA4E99D3F58E}.Ad-Hoc|x64.Deploy.0 = Debug|Any CPU
		{CC18421C-75DE-4F9F-A55E-DA4E99D3F58E}.Ad-Hoc|x86.ActiveCfg = Debug|Any CPU
		{CC18421C-75DE-4F9F-A55E-DA4E99D3F58E}.Ad-Hoc|x86.Build.0 = Debug|Any CPU
		{CC18421C-75DE-4F9F-A55E-DA4E99D3F58E}.Ad-Hoc|x86.Deploy.0 = Debug|Any CPU
		{CC18421C-75DE-4F9F-A55E-DA4E99D3F58E}.AppStore|Any CPU.ActiveCfg = Debug|Any CPU
		{CC18421C-75DE-4F9F-A55E-DA4E99D3F58E}.AppStore|Any CPU.Build.0 = Debug|Any CPU
		{CC18421C-75DE-4F9F-A55E-DA4E99D3F58E}.AppStore|Any CPU.Deploy.0 = Debug|Any CPU
		{CC18421C-75DE-4F9F-A55E-DA4E99D3F58E}.AppStore|ARM.ActiveCfg = Debug|Any CPU
		{CC18421C-75DE-4F9F-A55E-DA4E99D3F58E}.AppStore|ARM.Build.0 = Debug|Any CPU
		{CC18421C-75DE-4F9F-A55E-DA4E99D3F58E}.AppStore|ARM.Deploy.0 = Debug|Any CPU
		{CC18421C-75DE-4F9F-A55E-DA4E99D3F58E}.AppStore|ARM64.ActiveCfg = Debug|Any CPU
		{CC18421C-75DE-4F9F-A55E-DA4E99D3F58E}.AppStore|ARM64.Build.0 = Debug|Any CPU
		{CC18421C-75DE-4F9F-A55E-DA4E99D3F58E}.AppStore|ARM64.Deploy.0 = Debug|Any CPU
		{CC18421C-75DE-4F9F-A55E-DA4E99D3F58E}.AppStore|iPhone.ActiveCfg = Debug|Any CPU
		{CC18421C-75DE-4F9F-A55E-DA4E99D3F58E}.AppStore|iPhone.Build.0 = Debug|Any CPU
		{CC18421C-75DE-4F9F-A55E-DA4E99D3F58E}.AppStore|iPhone.Deploy.0 = Debug|Any CPU
		{CC18421C-75DE-4F9F-A55E-DA4E99D3F58E}.AppStore|iPhoneSimulator.ActiveCfg = Debug|Any CPU
		{CC18421C-75DE-4F9F-A55E-DA4E99D3F58E}.AppStore|iPhoneSimulator.Build.0 = Debug|Any CPU
		{CC18421C-75DE-4F9F-A55E-DA4E99D3F58E}.AppStore|iPhoneSimulator.Deploy.0 = Debug|Any CPU
		{CC18421C-75DE-4F9F-A55E-DA4E99D3F58E}.AppStore|x64.ActiveCfg = Debug|Any CPU
		{CC18421C-75DE-4F9F-A55E-DA4E99D3F58E}.AppStore|x64.Build.0 = Debug|Any CPU
		{CC18421C-75DE-4F9F-A55E-DA4E99D3F58E}.AppStore|x64.Deploy.0 = Debug|Any CPU
		{CC18421C-75DE-4F9F-A55E-DA4E99D3F58E}.AppStore|x86.ActiveCfg = Debug|Any CPU
		{CC18421C-75DE-4F9F-A55E-DA4E99D3F58E}.AppStore|x86.Build.0 = Debug|Any CPU
		{CC18421C-75DE-4F9F-A55E-DA4E99D3F58E}.AppStore|x86.Deploy.0 = Debug|Any CPU
		{CC18421C-75DE-4F9F-A55E-DA4E99D3F58E}.Debug|Any CPU.ActiveCfg = Debug|Any CPU
		{CC18421C-75DE-4F9F-A55E-DA4E99D3F58E}.Debug|Any CPU.Build.0 = Debug|Any CPU
		{CC18421C-75DE-4F9F-A55E-DA4E99D3F58E}.Debug|Any CPU.Deploy.0 = Debug|Any CPU
		{CC18421C-75DE-4F9F-A55E-DA4E99D3F58E}.Debug|ARM.ActiveCfg = Debug|Any CPU
		{CC18421C-75DE-4F9F-A55E-DA4E99D3F58E}.Debug|ARM.Build.0 = Debug|Any CPU
		{CC18421C-75DE-4F9F-A55E-DA4E99D3F58E}.Debug|ARM.Deploy.0 = Debug|Any CPU
		{CC18421C-75DE-4F9F-A55E-DA4E99D3F58E}.Debug|ARM64.ActiveCfg = Debug|Any CPU
		{CC18421C-75DE-4F9F-A55E-DA4E99D3F58E}.Debug|ARM64.Build.0 = Debug|Any CPU
		{CC18421C-75DE-4F9F-A55E-DA4E99D3F58E}.Debug|ARM64.Deploy.0 = Debug|Any CPU
		{CC18421C-75DE-4F9F-A55E-DA4E99D3F58E}.Debug|iPhone.ActiveCfg = Debug|Any CPU
		{CC18421C-75DE-4F9F-A55E-DA4E99D3F58E}.Debug|iPhone.Build.0 = Debug|Any CPU
		{CC18421C-75DE-4F9F-A55E-DA4E99D3F58E}.Debug|iPhone.Deploy.0 = Debug|Any CPU
		{CC18421C-75DE-4F9F-A55E-DA4E99D3F58E}.Debug|iPhoneSimulator.ActiveCfg = Debug|Any CPU
		{CC18421C-75DE-4F9F-A55E-DA4E99D3F58E}.Debug|iPhoneSimulator.Build.0 = Debug|Any CPU
		{CC18421C-75DE-4F9F-A55E-DA4E99D3F58E}.Debug|iPhoneSimulator.Deploy.0 = Debug|Any CPU
		{CC18421C-75DE-4F9F-A55E-DA4E99D3F58E}.Debug|x64.ActiveCfg = Debug|Any CPU
		{CC18421C-75DE-4F9F-A55E-DA4E99D3F58E}.Debug|x64.Build.0 = Debug|Any CPU
		{CC18421C-75DE-4F9F-A55E-DA4E99D3F58E}.Debug|x64.Deploy.0 = Debug|Any CPU
		{CC18421C-75DE-4F9F-A55E-DA4E99D3F58E}.Debug|x86.ActiveCfg = Debug|Any CPU
		{CC18421C-75DE-4F9F-A55E-DA4E99D3F58E}.Debug|x86.Build.0 = Debug|Any CPU
		{CC18421C-75DE-4F9F-A55E-DA4E99D3F58E}.Debug|x86.Deploy.0 = Debug|Any CPU
		{CC18421C-75DE-4F9F-A55E-DA4E99D3F58E}.Release|Any CPU.ActiveCfg = Release|Any CPU
		{CC18421C-75DE-4F9F-A55E-DA4E99D3F58E}.Release|Any CPU.Build.0 = Release|Any CPU
		{CC18421C-75DE-4F9F-A55E-DA4E99D3F58E}.Release|Any CPU.Deploy.0 = Release|Any CPU
		{CC18421C-75DE-4F9F-A55E-DA4E99D3F58E}.Release|ARM.ActiveCfg = Release|Any CPU
		{CC18421C-75DE-4F9F-A55E-DA4E99D3F58E}.Release|ARM.Build.0 = Release|Any CPU
		{CC18421C-75DE-4F9F-A55E-DA4E99D3F58E}.Release|ARM.Deploy.0 = Release|Any CPU
		{CC18421C-75DE-4F9F-A55E-DA4E99D3F58E}.Release|ARM64.ActiveCfg = Release|Any CPU
		{CC18421C-75DE-4F9F-A55E-DA4E99D3F58E}.Release|ARM64.Build.0 = Release|Any CPU
		{CC18421C-75DE-4F9F-A55E-DA4E99D3F58E}.Release|ARM64.Deploy.0 = Release|Any CPU
		{CC18421C-75DE-4F9F-A55E-DA4E99D3F58E}.Release|iPhone.ActiveCfg = Release|Any CPU
		{CC18421C-75DE-4F9F-A55E-DA4E99D3F58E}.Release|iPhone.Build.0 = Release|Any CPU
		{CC18421C-75DE-4F9F-A55E-DA4E99D3F58E}.Release|iPhone.Deploy.0 = Release|Any CPU
		{CC18421C-75DE-4F9F-A55E-DA4E99D3F58E}.Release|iPhoneSimulator.ActiveCfg = Release|Any CPU
		{CC18421C-75DE-4F9F-A55E-DA4E99D3F58E}.Release|iPhoneSimulator.Build.0 = Release|Any CPU
		{CC18421C-75DE-4F9F-A55E-DA4E99D3F58E}.Release|iPhoneSimulator.Deploy.0 = Release|Any CPU
		{CC18421C-75DE-4F9F-A55E-DA4E99D3F58E}.Release|x64.ActiveCfg = Release|Any CPU
		{CC18421C-75DE-4F9F-A55E-DA4E99D3F58E}.Release|x64.Build.0 = Release|Any CPU
		{CC18421C-75DE-4F9F-A55E-DA4E99D3F58E}.Release|x64.Deploy.0 = Release|Any CPU
		{CC18421C-75DE-4F9F-A55E-DA4E99D3F58E}.Release|x86.ActiveCfg = Release|Any CPU
		{CC18421C-75DE-4F9F-A55E-DA4E99D3F58E}.Release|x86.Build.0 = Release|Any CPU
		{CC18421C-75DE-4F9F-A55E-DA4E99D3F58E}.Release|x86.Deploy.0 = Release|Any CPU
		{E4A8BFE6-431D-4F88-9FC5-5F027D3849B9}.Ad-Hoc|Any CPU.ActiveCfg = Ad-Hoc|iPhoneSimulator
		{E4A8BFE6-431D-4F88-9FC5-5F027D3849B9}.Ad-Hoc|ARM.ActiveCfg = Ad-Hoc|iPhoneSimulator
		{E4A8BFE6-431D-4F88-9FC5-5F027D3849B9}.Ad-Hoc|ARM64.ActiveCfg = Ad-Hoc|iPhoneSimulator
		{E4A8BFE6-431D-4F88-9FC5-5F027D3849B9}.Ad-Hoc|iPhone.ActiveCfg = Ad-Hoc|iPhone
		{E4A8BFE6-431D-4F88-9FC5-5F027D3849B9}.Ad-Hoc|iPhone.Build.0 = Ad-Hoc|iPhone
		{E4A8BFE6-431D-4F88-9FC5-5F027D3849B9}.Ad-Hoc|iPhoneSimulator.ActiveCfg = Ad-Hoc|iPhoneSimulator
		{E4A8BFE6-431D-4F88-9FC5-5F027D3849B9}.Ad-Hoc|iPhoneSimulator.Build.0 = Ad-Hoc|iPhoneSimulator
		{E4A8BFE6-431D-4F88-9FC5-5F027D3849B9}.Ad-Hoc|x64.ActiveCfg = Ad-Hoc|iPhoneSimulator
		{E4A8BFE6-431D-4F88-9FC5-5F027D3849B9}.Ad-Hoc|x86.ActiveCfg = Ad-Hoc|iPhoneSimulator
		{E4A8BFE6-431D-4F88-9FC5-5F027D3849B9}.AppStore|Any CPU.ActiveCfg = AppStore|iPhoneSimulator
		{E4A8BFE6-431D-4F88-9FC5-5F027D3849B9}.AppStore|ARM.ActiveCfg = AppStore|iPhoneSimulator
		{E4A8BFE6-431D-4F88-9FC5-5F027D3849B9}.AppStore|ARM64.ActiveCfg = AppStore|iPhoneSimulator
		{E4A8BFE6-431D-4F88-9FC5-5F027D3849B9}.AppStore|iPhone.ActiveCfg = AppStore|iPhone
		{E4A8BFE6-431D-4F88-9FC5-5F027D3849B9}.AppStore|iPhone.Build.0 = AppStore|iPhone
		{E4A8BFE6-431D-4F88-9FC5-5F027D3849B9}.AppStore|iPhoneSimulator.ActiveCfg = AppStore|iPhoneSimulator
		{E4A8BFE6-431D-4F88-9FC5-5F027D3849B9}.AppStore|iPhoneSimulator.Build.0 = AppStore|iPhoneSimulator
		{E4A8BFE6-431D-4F88-9FC5-5F027D3849B9}.AppStore|x64.ActiveCfg = AppStore|iPhoneSimulator
		{E4A8BFE6-431D-4F88-9FC5-5F027D3849B9}.AppStore|x86.ActiveCfg = AppStore|iPhoneSimulator
		{E4A8BFE6-431D-4F88-9FC5-5F027D3849B9}.Debug|Any CPU.ActiveCfg = Debug|iPhoneSimulator
		{E4A8BFE6-431D-4F88-9FC5-5F027D3849B9}.Debug|ARM.ActiveCfg = Debug|iPhoneSimulator
		{E4A8BFE6-431D-4F88-9FC5-5F027D3849B9}.Debug|ARM64.ActiveCfg = Debug|iPhoneSimulator
		{E4A8BFE6-431D-4F88-9FC5-5F027D3849B9}.Debug|iPhone.ActiveCfg = Debug|iPhone
		{E4A8BFE6-431D-4F88-9FC5-5F027D3849B9}.Debug|iPhone.Build.0 = Debug|iPhone
		{E4A8BFE6-431D-4F88-9FC5-5F027D3849B9}.Debug|iPhoneSimulator.ActiveCfg = Debug|iPhoneSimulator
		{E4A8BFE6-431D-4F88-9FC5-5F027D3849B9}.Debug|iPhoneSimulator.Build.0 = Debug|iPhoneSimulator
		{E4A8BFE6-431D-4F88-9FC5-5F027D3849B9}.Debug|x64.ActiveCfg = Debug|iPhoneSimulator
		{E4A8BFE6-431D-4F88-9FC5-5F027D3849B9}.Debug|x86.ActiveCfg = Debug|iPhoneSimulator
		{E4A8BFE6-431D-4F88-9FC5-5F027D3849B9}.Release|Any CPU.ActiveCfg = Release|iPhoneSimulator
		{E4A8BFE6-431D-4F88-9FC5-5F027D3849B9}.Release|ARM.ActiveCfg = Release|iPhoneSimulator
		{E4A8BFE6-431D-4F88-9FC5-5F027D3849B9}.Release|ARM64.ActiveCfg = Release|iPhoneSimulator
		{E4A8BFE6-431D-4F88-9FC5-5F027D3849B9}.Release|iPhone.ActiveCfg = Release|iPhone
		{E4A8BFE6-431D-4F88-9FC5-5F027D3849B9}.Release|iPhone.Build.0 = Release|iPhone
		{E4A8BFE6-431D-4F88-9FC5-5F027D3849B9}.Release|iPhoneSimulator.ActiveCfg = Release|iPhoneSimulator
		{E4A8BFE6-431D-4F88-9FC5-5F027D3849B9}.Release|iPhoneSimulator.Build.0 = Release|iPhoneSimulator
		{E4A8BFE6-431D-4F88-9FC5-5F027D3849B9}.Release|x64.ActiveCfg = Release|iPhoneSimulator
		{E4A8BFE6-431D-4F88-9FC5-5F027D3849B9}.Release|x86.ActiveCfg = Release|iPhoneSimulator
		{9EF453B5-67B0-45E6-B4C8-3860DAB8507D}.Ad-Hoc|Any CPU.ActiveCfg = Debug|x86
		{9EF453B5-67B0-45E6-B4C8-3860DAB8507D}.Ad-Hoc|ARM.ActiveCfg = Debug|ARM
		{9EF453B5-67B0-45E6-B4C8-3860DAB8507D}.Ad-Hoc|ARM.Build.0 = Debug|ARM
		{9EF453B5-67B0-45E6-B4C8-3860DAB8507D}.Ad-Hoc|ARM.Deploy.0 = Debug|ARM
		{9EF453B5-67B0-45E6-B4C8-3860DAB8507D}.Ad-Hoc|ARM64.ActiveCfg = Debug|ARM64
		{9EF453B5-67B0-45E6-B4C8-3860DAB8507D}.Ad-Hoc|ARM64.Build.0 = Debug|ARM64
		{9EF453B5-67B0-45E6-B4C8-3860DAB8507D}.Ad-Hoc|ARM64.Deploy.0 = Debug|ARM64
		{9EF453B5-67B0-45E6-B4C8-3860DAB8507D}.Ad-Hoc|iPhone.ActiveCfg = Debug|x86
		{9EF453B5-67B0-45E6-B4C8-3860DAB8507D}.Ad-Hoc|iPhoneSimulator.ActiveCfg = Debug|x86
		{9EF453B5-67B0-45E6-B4C8-3860DAB8507D}.Ad-Hoc|x64.ActiveCfg = Debug|x64
		{9EF453B5-67B0-45E6-B4C8-3860DAB8507D}.Ad-Hoc|x64.Build.0 = Debug|x64
		{9EF453B5-67B0-45E6-B4C8-3860DAB8507D}.Ad-Hoc|x64.Deploy.0 = Debug|x64
		{9EF453B5-67B0-45E6-B4C8-3860DAB8507D}.Ad-Hoc|x86.ActiveCfg = Debug|x86
		{9EF453B5-67B0-45E6-B4C8-3860DAB8507D}.Ad-Hoc|x86.Build.0 = Debug|x86
		{9EF453B5-67B0-45E6-B4C8-3860DAB8507D}.Ad-Hoc|x86.Deploy.0 = Debug|x86
		{9EF453B5-67B0-45E6-B4C8-3860DAB8507D}.AppStore|Any CPU.ActiveCfg = Debug|x86
		{9EF453B5-67B0-45E6-B4C8-3860DAB8507D}.AppStore|ARM.ActiveCfg = Debug|ARM
		{9EF453B5-67B0-45E6-B4C8-3860DAB8507D}.AppStore|ARM.Build.0 = Debug|ARM
		{9EF453B5-67B0-45E6-B4C8-3860DAB8507D}.AppStore|ARM.Deploy.0 = Debug|ARM
		{9EF453B5-67B0-45E6-B4C8-3860DAB8507D}.AppStore|ARM64.ActiveCfg = Debug|ARM64
		{9EF453B5-67B0-45E6-B4C8-3860DAB8507D}.AppStore|ARM64.Build.0 = Debug|ARM64
		{9EF453B5-67B0-45E6-B4C8-3860DAB8507D}.AppStore|ARM64.Deploy.0 = Debug|ARM64
		{9EF453B5-67B0-45E6-B4C8-3860DAB8507D}.AppStore|iPhone.ActiveCfg = Debug|x86
		{9EF453B5-67B0-45E6-B4C8-3860DAB8507D}.AppStore|iPhoneSimulator.ActiveCfg = Debug|x86
		{9EF453B5-67B0-45E6-B4C8-3860DAB8507D}.AppStore|x64.ActiveCfg = Debug|x64
		{9EF453B5-67B0-45E6-B4C8-3860DAB8507D}.AppStore|x64.Build.0 = Debug|x64
		{9EF453B5-67B0-45E6-B4C8-3860DAB8507D}.AppStore|x64.Deploy.0 = Debug|x64
		{9EF453B5-67B0-45E6-B4C8-3860DAB8507D}.AppStore|x86.ActiveCfg = Debug|x86
		{9EF453B5-67B0-45E6-B4C8-3860DAB8507D}.AppStore|x86.Build.0 = Debug|x86
		{9EF453B5-67B0-45E6-B4C8-3860DAB8507D}.AppStore|x86.Deploy.0 = Debug|x86
		{9EF453B5-67B0-45E6-B4C8-3860DAB8507D}.Debug|Any CPU.ActiveCfg = Debug|x86
		{9EF453B5-67B0-45E6-B4C8-3860DAB8507D}.Debug|Any CPU.Build.0 = Debug|x86
		{9EF453B5-67B0-45E6-B4C8-3860DAB8507D}.Debug|Any CPU.Deploy.0 = Debug|x86
		{9EF453B5-67B0-45E6-B4C8-3860DAB8507D}.Debug|ARM.ActiveCfg = Debug|ARM
		{9EF453B5-67B0-45E6-B4C8-3860DAB8507D}.Debug|ARM.Build.0 = Debug|ARM
		{9EF453B5-67B0-45E6-B4C8-3860DAB8507D}.Debug|ARM.Deploy.0 = Debug|ARM
		{9EF453B5-67B0-45E6-B4C8-3860DAB8507D}.Debug|ARM64.ActiveCfg = Debug|ARM64
		{9EF453B5-67B0-45E6-B4C8-3860DAB8507D}.Debug|ARM64.Build.0 = Debug|ARM64
		{9EF453B5-67B0-45E6-B4C8-3860DAB8507D}.Debug|ARM64.Deploy.0 = Debug|ARM64
		{9EF453B5-67B0-45E6-B4C8-3860DAB8507D}.Debug|iPhone.ActiveCfg = Debug|x86
		{9EF453B5-67B0-45E6-B4C8-3860DAB8507D}.Debug|iPhoneSimulator.ActiveCfg = Debug|x86
		{9EF453B5-67B0-45E6-B4C8-3860DAB8507D}.Debug|x64.ActiveCfg = Debug|x64
		{9EF453B5-67B0-45E6-B4C8-3860DAB8507D}.Debug|x64.Build.0 = Debug|x64
		{9EF453B5-67B0-45E6-B4C8-3860DAB8507D}.Debug|x64.Deploy.0 = Debug|x64
		{9EF453B5-67B0-45E6-B4C8-3860DAB8507D}.Debug|x86.ActiveCfg = Debug|x86
		{9EF453B5-67B0-45E6-B4C8-3860DAB8507D}.Debug|x86.Build.0 = Debug|x86
		{9EF453B5-67B0-45E6-B4C8-3860DAB8507D}.Debug|x86.Deploy.0 = Debug|x86
		{9EF453B5-67B0-45E6-B4C8-3860DAB8507D}.Release|Any CPU.ActiveCfg = Release|x86
		{9EF453B5-67B0-45E6-B4C8-3860DAB8507D}.Release|ARM.ActiveCfg = Release|ARM
		{9EF453B5-67B0-45E6-B4C8-3860DAB8507D}.Release|ARM.Build.0 = Release|ARM
		{9EF453B5-67B0-45E6-B4C8-3860DAB8507D}.Release|ARM.Deploy.0 = Release|ARM
		{9EF453B5-67B0-45E6-B4C8-3860DAB8507D}.Release|ARM64.ActiveCfg = Release|ARM64
		{9EF453B5-67B0-45E6-B4C8-3860DAB8507D}.Release|ARM64.Build.0 = Release|ARM64
		{9EF453B5-67B0-45E6-B4C8-3860DAB8507D}.Release|ARM64.Deploy.0 = Release|ARM64
		{9EF453B5-67B0-45E6-B4C8-3860DAB8507D}.Release|iPhone.ActiveCfg = Release|x86
		{9EF453B5-67B0-45E6-B4C8-3860DAB8507D}.Release|iPhoneSimulator.ActiveCfg = Release|x86
		{9EF453B5-67B0-45E6-B4C8-3860DAB8507D}.Release|x64.ActiveCfg = Release|x64
		{9EF453B5-67B0-45E6-B4C8-3860DAB8507D}.Release|x64.Build.0 = Release|x64
		{9EF453B5-67B0-45E6-B4C8-3860DAB8507D}.Release|x64.Deploy.0 = Release|x64
		{9EF453B5-67B0-45E6-B4C8-3860DAB8507D}.Release|x86.ActiveCfg = Release|x86
		{9EF453B5-67B0-45E6-B4C8-3860DAB8507D}.Release|x86.Build.0 = Release|x86
		{9EF453B5-67B0-45E6-B4C8-3860DAB8507D}.Release|x86.Deploy.0 = Release|x86
		{4A6B0B7F-3005-45B1-B5D4-7B5070569021}.Ad-Hoc|Any CPU.ActiveCfg = Debug|Any CPU
		{4A6B0B7F-3005-45B1-B5D4-7B5070569021}.Ad-Hoc|Any CPU.Build.0 = Debug|Any CPU
		{4A6B0B7F-3005-45B1-B5D4-7B5070569021}.Ad-Hoc|ARM.ActiveCfg = Debug|Any CPU
		{4A6B0B7F-3005-45B1-B5D4-7B5070569021}.Ad-Hoc|ARM.Build.0 = Debug|Any CPU
		{4A6B0B7F-3005-45B1-B5D4-7B5070569021}.Ad-Hoc|ARM64.ActiveCfg = Debug|Any CPU
		{4A6B0B7F-3005-45B1-B5D4-7B5070569021}.Ad-Hoc|ARM64.Build.0 = Debug|Any CPU
		{4A6B0B7F-3005-45B1-B5D4-7B5070569021}.Ad-Hoc|iPhone.ActiveCfg = Debug|Any CPU
		{4A6B0B7F-3005-45B1-B5D4-7B5070569021}.Ad-Hoc|iPhone.Build.0 = Debug|Any CPU
		{4A6B0B7F-3005-45B1-B5D4-7B5070569021}.Ad-Hoc|iPhoneSimulator.ActiveCfg = Debug|Any CPU
		{4A6B0B7F-3005-45B1-B5D4-7B5070569021}.Ad-Hoc|iPhoneSimulator.Build.0 = Debug|Any CPU
		{4A6B0B7F-3005-45B1-B5D4-7B5070569021}.Ad-Hoc|x64.ActiveCfg = Debug|Any CPU
		{4A6B0B7F-3005-45B1-B5D4-7B5070569021}.Ad-Hoc|x64.Build.0 = Debug|Any CPU
		{4A6B0B7F-3005-45B1-B5D4-7B5070569021}.Ad-Hoc|x86.ActiveCfg = Debug|Any CPU
		{4A6B0B7F-3005-45B1-B5D4-7B5070569021}.Ad-Hoc|x86.Build.0 = Debug|Any CPU
		{4A6B0B7F-3005-45B1-B5D4-7B5070569021}.AppStore|Any CPU.ActiveCfg = Debug|Any CPU
		{4A6B0B7F-3005-45B1-B5D4-7B5070569021}.AppStore|Any CPU.Build.0 = Debug|Any CPU
		{4A6B0B7F-3005-45B1-B5D4-7B5070569021}.AppStore|ARM.ActiveCfg = Debug|Any CPU
		{4A6B0B7F-3005-45B1-B5D4-7B5070569021}.AppStore|ARM.Build.0 = Debug|Any CPU
		{4A6B0B7F-3005-45B1-B5D4-7B5070569021}.AppStore|ARM64.ActiveCfg = Debug|Any CPU
		{4A6B0B7F-3005-45B1-B5D4-7B5070569021}.AppStore|ARM64.Build.0 = Debug|Any CPU
		{4A6B0B7F-3005-45B1-B5D4-7B5070569021}.AppStore|iPhone.ActiveCfg = Debug|Any CPU
		{4A6B0B7F-3005-45B1-B5D4-7B5070569021}.AppStore|iPhone.Build.0 = Debug|Any CPU
		{4A6B0B7F-3005-45B1-B5D4-7B5070569021}.AppStore|iPhoneSimulator.ActiveCfg = Debug|Any CPU
		{4A6B0B7F-3005-45B1-B5D4-7B5070569021}.AppStore|iPhoneSimulator.Build.0 = Debug|Any CPU
		{4A6B0B7F-3005-45B1-B5D4-7B5070569021}.AppStore|x64.ActiveCfg = Debug|Any CPU
		{4A6B0B7F-3005-45B1-B5D4-7B5070569021}.AppStore|x64.Build.0 = Debug|Any CPU
		{4A6B0B7F-3005-45B1-B5D4-7B5070569021}.AppStore|x86.ActiveCfg = Debug|Any CPU
		{4A6B0B7F-3005-45B1-B5D4-7B5070569021}.AppStore|x86.Build.0 = Debug|Any CPU
		{4A6B0B7F-3005-45B1-B5D4-7B5070569021}.Debug|Any CPU.ActiveCfg = Debug|Any CPU
		{4A6B0B7F-3005-45B1-B5D4-7B5070569021}.Debug|Any CPU.Build.0 = Debug|Any CPU
		{4A6B0B7F-3005-45B1-B5D4-7B5070569021}.Debug|ARM.ActiveCfg = Debug|Any CPU
		{4A6B0B7F-3005-45B1-B5D4-7B5070569021}.Debug|ARM.Build.0 = Debug|Any CPU
		{4A6B0B7F-3005-45B1-B5D4-7B5070569021}.Debug|ARM64.ActiveCfg = Debug|Any CPU
		{4A6B0B7F-3005-45B1-B5D4-7B5070569021}.Debug|ARM64.Build.0 = Debug|Any CPU
		{4A6B0B7F-3005-45B1-B5D4-7B5070569021}.Debug|iPhone.ActiveCfg = Debug|Any CPU
		{4A6B0B7F-3005-45B1-B5D4-7B5070569021}.Debug|iPhone.Build.0 = Debug|Any CPU
		{4A6B0B7F-3005-45B1-B5D4-7B5070569021}.Debug|iPhoneSimulator.ActiveCfg = Debug|Any CPU
		{4A6B0B7F-3005-45B1-B5D4-7B5070569021}.Debug|iPhoneSimulator.Build.0 = Debug|Any CPU
		{4A6B0B7F-3005-45B1-B5D4-7B5070569021}.Debug|x64.ActiveCfg = Debug|Any CPU
		{4A6B0B7F-3005-45B1-B5D4-7B5070569021}.Debug|x64.Build.0 = Debug|Any CPU
		{4A6B0B7F-3005-45B1-B5D4-7B5070569021}.Debug|x86.ActiveCfg = Debug|Any CPU
		{4A6B0B7F-3005-45B1-B5D4-7B5070569021}.Debug|x86.Build.0 = Debug|Any CPU
		{4A6B0B7F-3005-45B1-B5D4-7B5070569021}.Release|Any CPU.ActiveCfg = Release|Any CPU
		{4A6B0B7F-3005-45B1-B5D4-7B5070569021}.Release|Any CPU.Build.0 = Release|Any CPU
		{4A6B0B7F-3005-45B1-B5D4-7B5070569021}.Release|ARM.ActiveCfg = Release|Any CPU
		{4A6B0B7F-3005-45B1-B5D4-7B5070569021}.Release|ARM.Build.0 = Release|Any CPU
		{4A6B0B7F-3005-45B1-B5D4-7B5070569021}.Release|ARM64.ActiveCfg = Release|Any CPU
		{4A6B0B7F-3005-45B1-B5D4-7B5070569021}.Release|ARM64.Build.0 = Release|Any CPU
		{4A6B0B7F-3005-45B1-B5D4-7B5070569021}.Release|iPhone.ActiveCfg = Release|Any CPU
		{4A6B0B7F-3005-45B1-B5D4-7B5070569021}.Release|iPhone.Build.0 = Release|Any CPU
		{4A6B0B7F-3005-45B1-B5D4-7B5070569021}.Release|iPhoneSimulator.ActiveCfg = Release|Any CPU
		{4A6B0B7F-3005-45B1-B5D4-7B5070569021}.Release|iPhoneSimulator.Build.0 = Release|Any CPU
		{4A6B0B7F-3005-45B1-B5D4-7B5070569021}.Release|x64.ActiveCfg = Release|Any CPU
		{4A6B0B7F-3005-45B1-B5D4-7B5070569021}.Release|x64.Build.0 = Release|Any CPU
		{4A6B0B7F-3005-45B1-B5D4-7B5070569021}.Release|x86.ActiveCfg = Release|Any CPU
		{4A6B0B7F-3005-45B1-B5D4-7B5070569021}.Release|x86.Build.0 = Release|Any CPU
		{20C412A2-5C10-4859-A1DA-D19B82D7C9C8}.Ad-Hoc|Any CPU.ActiveCfg = Debug|iPhoneSimulator
		{20C412A2-5C10-4859-A1DA-D19B82D7C9C8}.Ad-Hoc|ARM.ActiveCfg = Debug|iPhoneSimulator
		{20C412A2-5C10-4859-A1DA-D19B82D7C9C8}.Ad-Hoc|ARM64.ActiveCfg = Debug|iPhoneSimulator
		{20C412A2-5C10-4859-A1DA-D19B82D7C9C8}.Ad-Hoc|iPhone.ActiveCfg = Debug|iPhoneSimulator
		{20C412A2-5C10-4859-A1DA-D19B82D7C9C8}.Ad-Hoc|iPhoneSimulator.ActiveCfg = Debug|iPhoneSimulator
		{20C412A2-5C10-4859-A1DA-D19B82D7C9C8}.Ad-Hoc|iPhoneSimulator.Build.0 = Debug|iPhoneSimulator
		{20C412A2-5C10-4859-A1DA-D19B82D7C9C8}.Ad-Hoc|x64.ActiveCfg = Debug|iPhoneSimulator
		{20C412A2-5C10-4859-A1DA-D19B82D7C9C8}.Ad-Hoc|x86.ActiveCfg = Debug|iPhoneSimulator
		{20C412A2-5C10-4859-A1DA-D19B82D7C9C8}.AppStore|Any CPU.ActiveCfg = Debug|iPhoneSimulator
		{20C412A2-5C10-4859-A1DA-D19B82D7C9C8}.AppStore|ARM.ActiveCfg = Debug|iPhoneSimulator
		{20C412A2-5C10-4859-A1DA-D19B82D7C9C8}.AppStore|ARM64.ActiveCfg = Debug|iPhoneSimulator
		{20C412A2-5C10-4859-A1DA-D19B82D7C9C8}.AppStore|iPhone.ActiveCfg = Debug|iPhoneSimulator
		{20C412A2-5C10-4859-A1DA-D19B82D7C9C8}.AppStore|iPhoneSimulator.ActiveCfg = Debug|iPhoneSimulator
		{20C412A2-5C10-4859-A1DA-D19B82D7C9C8}.AppStore|iPhoneSimulator.Build.0 = Debug|iPhoneSimulator
		{20C412A2-5C10-4859-A1DA-D19B82D7C9C8}.AppStore|x64.ActiveCfg = Debug|iPhoneSimulator
		{20C412A2-5C10-4859-A1DA-D19B82D7C9C8}.AppStore|x86.ActiveCfg = Debug|iPhoneSimulator
		{20C412A2-5C10-4859-A1DA-D19B82D7C9C8}.Debug|Any CPU.ActiveCfg = Debug|iPhoneSimulator
		{20C412A2-5C10-4859-A1DA-D19B82D7C9C8}.Debug|ARM.ActiveCfg = Debug|iPhoneSimulator
		{20C412A2-5C10-4859-A1DA-D19B82D7C9C8}.Debug|ARM64.ActiveCfg = Debug|iPhoneSimulator
		{20C412A2-5C10-4859-A1DA-D19B82D7C9C8}.Debug|iPhone.ActiveCfg = Debug|iPhoneSimulator
		{20C412A2-5C10-4859-A1DA-D19B82D7C9C8}.Debug|iPhoneSimulator.ActiveCfg = Debug|iPhoneSimulator
		{20C412A2-5C10-4859-A1DA-D19B82D7C9C8}.Debug|iPhoneSimulator.Build.0 = Debug|iPhoneSimulator
		{20C412A2-5C10-4859-A1DA-D19B82D7C9C8}.Debug|x64.ActiveCfg = Debug|iPhoneSimulator
		{20C412A2-5C10-4859-A1DA-D19B82D7C9C8}.Debug|x86.ActiveCfg = Debug|iPhoneSimulator
		{20C412A2-5C10-4859-A1DA-D19B82D7C9C8}.Release|Any CPU.ActiveCfg = Release|iPhoneSimulator
		{20C412A2-5C10-4859-A1DA-D19B82D7C9C8}.Release|ARM.ActiveCfg = Release|iPhoneSimulator
		{20C412A2-5C10-4859-A1DA-D19B82D7C9C8}.Release|ARM64.ActiveCfg = Release|iPhoneSimulator
		{20C412A2-5C10-4859-A1DA-D19B82D7C9C8}.Release|iPhone.ActiveCfg = Release|iPhoneSimulator
		{20C412A2-5C10-4859-A1DA-D19B82D7C9C8}.Release|iPhoneSimulator.ActiveCfg = Release|iPhoneSimulator
		{20C412A2-5C10-4859-A1DA-D19B82D7C9C8}.Release|iPhoneSimulator.Build.0 = Release|iPhoneSimulator
		{20C412A2-5C10-4859-A1DA-D19B82D7C9C8}.Release|x64.ActiveCfg = Release|iPhoneSimulator
		{20C412A2-5C10-4859-A1DA-D19B82D7C9C8}.Release|x86.ActiveCfg = Release|iPhoneSimulator
		{C3861E22-B780-4067-8A24-3FE4F1378680}.Ad-Hoc|Any CPU.ActiveCfg = Debug|Any CPU
		{C3861E22-B780-4067-8A24-3FE4F1378680}.Ad-Hoc|Any CPU.Build.0 = Debug|Any CPU
		{C3861E22-B780-4067-8A24-3FE4F1378680}.Ad-Hoc|ARM.ActiveCfg = Debug|Any CPU
		{C3861E22-B780-4067-8A24-3FE4F1378680}.Ad-Hoc|ARM.Build.0 = Debug|Any CPU
		{C3861E22-B780-4067-8A24-3FE4F1378680}.Ad-Hoc|ARM64.ActiveCfg = Debug|Any CPU
		{C3861E22-B780-4067-8A24-3FE4F1378680}.Ad-Hoc|ARM64.Build.0 = Debug|Any CPU
		{C3861E22-B780-4067-8A24-3FE4F1378680}.Ad-Hoc|iPhone.ActiveCfg = Debug|Any CPU
		{C3861E22-B780-4067-8A24-3FE4F1378680}.Ad-Hoc|iPhone.Build.0 = Debug|Any CPU
		{C3861E22-B780-4067-8A24-3FE4F1378680}.Ad-Hoc|iPhoneSimulator.ActiveCfg = Debug|Any CPU
		{C3861E22-B780-4067-8A24-3FE4F1378680}.Ad-Hoc|iPhoneSimulator.Build.0 = Debug|Any CPU
		{C3861E22-B780-4067-8A24-3FE4F1378680}.Ad-Hoc|x64.ActiveCfg = Debug|Any CPU
		{C3861E22-B780-4067-8A24-3FE4F1378680}.Ad-Hoc|x64.Build.0 = Debug|Any CPU
		{C3861E22-B780-4067-8A24-3FE4F1378680}.Ad-Hoc|x86.ActiveCfg = Debug|Any CPU
		{C3861E22-B780-4067-8A24-3FE4F1378680}.Ad-Hoc|x86.Build.0 = Debug|Any CPU
		{C3861E22-B780-4067-8A24-3FE4F1378680}.AppStore|Any CPU.ActiveCfg = Debug|Any CPU
		{C3861E22-B780-4067-8A24-3FE4F1378680}.AppStore|Any CPU.Build.0 = Debug|Any CPU
		{C3861E22-B780-4067-8A24-3FE4F1378680}.AppStore|ARM.ActiveCfg = Debug|Any CPU
		{C3861E22-B780-4067-8A24-3FE4F1378680}.AppStore|ARM.Build.0 = Debug|Any CPU
		{C3861E22-B780-4067-8A24-3FE4F1378680}.AppStore|ARM64.ActiveCfg = Debug|Any CPU
		{C3861E22-B780-4067-8A24-3FE4F1378680}.AppStore|ARM64.Build.0 = Debug|Any CPU
		{C3861E22-B780-4067-8A24-3FE4F1378680}.AppStore|iPhone.ActiveCfg = Debug|Any CPU
		{C3861E22-B780-4067-8A24-3FE4F1378680}.AppStore|iPhone.Build.0 = Debug|Any CPU
		{C3861E22-B780-4067-8A24-3FE4F1378680}.AppStore|iPhoneSimulator.ActiveCfg = Debug|Any CPU
		{C3861E22-B780-4067-8A24-3FE4F1378680}.AppStore|iPhoneSimulator.Build.0 = Debug|Any CPU
		{C3861E22-B780-4067-8A24-3FE4F1378680}.AppStore|x64.ActiveCfg = Debug|Any CPU
		{C3861E22-B780-4067-8A24-3FE4F1378680}.AppStore|x64.Build.0 = Debug|Any CPU
		{C3861E22-B780-4067-8A24-3FE4F1378680}.AppStore|x86.ActiveCfg = Debug|Any CPU
		{C3861E22-B780-4067-8A24-3FE4F1378680}.AppStore|x86.Build.0 = Debug|Any CPU
		{C3861E22-B780-4067-8A24-3FE4F1378680}.Debug|Any CPU.ActiveCfg = Debug|Any CPU
		{C3861E22-B780-4067-8A24-3FE4F1378680}.Debug|Any CPU.Build.0 = Debug|Any CPU
		{C3861E22-B780-4067-8A24-3FE4F1378680}.Debug|ARM.ActiveCfg = Debug|Any CPU
		{C3861E22-B780-4067-8A24-3FE4F1378680}.Debug|ARM.Build.0 = Debug|Any CPU
		{C3861E22-B780-4067-8A24-3FE4F1378680}.Debug|ARM64.ActiveCfg = Debug|Any CPU
		{C3861E22-B780-4067-8A24-3FE4F1378680}.Debug|ARM64.Build.0 = Debug|Any CPU
		{C3861E22-B780-4067-8A24-3FE4F1378680}.Debug|iPhone.ActiveCfg = Debug|Any CPU
		{C3861E22-B780-4067-8A24-3FE4F1378680}.Debug|iPhone.Build.0 = Debug|Any CPU
		{C3861E22-B780-4067-8A24-3FE4F1378680}.Debug|iPhoneSimulator.ActiveCfg = Debug|Any CPU
		{C3861E22-B780-4067-8A24-3FE4F1378680}.Debug|iPhoneSimulator.Build.0 = Debug|Any CPU
		{C3861E22-B780-4067-8A24-3FE4F1378680}.Debug|x64.ActiveCfg = Debug|Any CPU
		{C3861E22-B780-4067-8A24-3FE4F1378680}.Debug|x64.Build.0 = Debug|Any CPU
		{C3861E22-B780-4067-8A24-3FE4F1378680}.Debug|x86.ActiveCfg = Debug|Any CPU
		{C3861E22-B780-4067-8A24-3FE4F1378680}.Debug|x86.Build.0 = Debug|Any CPU
		{C3861E22-B780-4067-8A24-3FE4F1378680}.Release|Any CPU.ActiveCfg = Release|Any CPU
		{C3861E22-B780-4067-8A24-3FE4F1378680}.Release|Any CPU.Build.0 = Release|Any CPU
		{C3861E22-B780-4067-8A24-3FE4F1378680}.Release|ARM.ActiveCfg = Release|Any CPU
		{C3861E22-B780-4067-8A24-3FE4F1378680}.Release|ARM.Build.0 = Release|Any CPU
		{C3861E22-B780-4067-8A24-3FE4F1378680}.Release|ARM64.ActiveCfg = Release|Any CPU
		{C3861E22-B780-4067-8A24-3FE4F1378680}.Release|ARM64.Build.0 = Release|Any CPU
		{C3861E22-B780-4067-8A24-3FE4F1378680}.Release|iPhone.ActiveCfg = Release|Any CPU
		{C3861E22-B780-4067-8A24-3FE4F1378680}.Release|iPhone.Build.0 = Release|Any CPU
		{C3861E22-B780-4067-8A24-3FE4F1378680}.Release|iPhoneSimulator.ActiveCfg = Release|Any CPU
		{C3861E22-B780-4067-8A24-3FE4F1378680}.Release|iPhoneSimulator.Build.0 = Release|Any CPU
		{C3861E22-B780-4067-8A24-3FE4F1378680}.Release|x64.ActiveCfg = Release|Any CPU
		{C3861E22-B780-4067-8A24-3FE4F1378680}.Release|x64.Build.0 = Release|Any CPU
		{C3861E22-B780-4067-8A24-3FE4F1378680}.Release|x86.ActiveCfg = Release|Any CPU
		{C3861E22-B780-4067-8A24-3FE4F1378680}.Release|x86.Build.0 = Release|Any CPU
		{9A56B620-C923-4536-8BE3-12F424FABA10}.Ad-Hoc|Any CPU.ActiveCfg = Debug|Any CPU
		{9A56B620-C923-4536-8BE3-12F424FABA10}.Ad-Hoc|Any CPU.Build.0 = Debug|Any CPU
		{9A56B620-C923-4536-8BE3-12F424FABA10}.Ad-Hoc|ARM.ActiveCfg = Debug|Any CPU
		{9A56B620-C923-4536-8BE3-12F424FABA10}.Ad-Hoc|ARM.Build.0 = Debug|Any CPU
		{9A56B620-C923-4536-8BE3-12F424FABA10}.Ad-Hoc|ARM64.ActiveCfg = Debug|Any CPU
		{9A56B620-C923-4536-8BE3-12F424FABA10}.Ad-Hoc|ARM64.Build.0 = Debug|Any CPU
		{9A56B620-C923-4536-8BE3-12F424FABA10}.Ad-Hoc|iPhone.ActiveCfg = Debug|Any CPU
		{9A56B620-C923-4536-8BE3-12F424FABA10}.Ad-Hoc|iPhone.Build.0 = Debug|Any CPU
		{9A56B620-C923-4536-8BE3-12F424FABA10}.Ad-Hoc|iPhoneSimulator.ActiveCfg = Debug|Any CPU
		{9A56B620-C923-4536-8BE3-12F424FABA10}.Ad-Hoc|iPhoneSimulator.Build.0 = Debug|Any CPU
		{9A56B620-C923-4536-8BE3-12F424FABA10}.Ad-Hoc|x64.ActiveCfg = Debug|Any CPU
		{9A56B620-C923-4536-8BE3-12F424FABA10}.Ad-Hoc|x64.Build.0 = Debug|Any CPU
		{9A56B620-C923-4536-8BE3-12F424FABA10}.Ad-Hoc|x86.ActiveCfg = Debug|Any CPU
		{9A56B620-C923-4536-8BE3-12F424FABA10}.Ad-Hoc|x86.Build.0 = Debug|Any CPU
		{9A56B620-C923-4536-8BE3-12F424FABA10}.AppStore|Any CPU.ActiveCfg = Debug|Any CPU
		{9A56B620-C923-4536-8BE3-12F424FABA10}.AppStore|Any CPU.Build.0 = Debug|Any CPU
		{9A56B620-C923-4536-8BE3-12F424FABA10}.AppStore|ARM.ActiveCfg = Debug|Any CPU
		{9A56B620-C923-4536-8BE3-12F424FABA10}.AppStore|ARM.Build.0 = Debug|Any CPU
		{9A56B620-C923-4536-8BE3-12F424FABA10}.AppStore|ARM64.ActiveCfg = Debug|Any CPU
		{9A56B620-C923-4536-8BE3-12F424FABA10}.AppStore|ARM64.Build.0 = Debug|Any CPU
		{9A56B620-C923-4536-8BE3-12F424FABA10}.AppStore|iPhone.ActiveCfg = Debug|Any CPU
		{9A56B620-C923-4536-8BE3-12F424FABA10}.AppStore|iPhone.Build.0 = Debug|Any CPU
		{9A56B620-C923-4536-8BE3-12F424FABA10}.AppStore|iPhoneSimulator.ActiveCfg = Debug|Any CPU
		{9A56B620-C923-4536-8BE3-12F424FABA10}.AppStore|iPhoneSimulator.Build.0 = Debug|Any CPU
		{9A56B620-C923-4536-8BE3-12F424FABA10}.AppStore|x64.ActiveCfg = Debug|Any CPU
		{9A56B620-C923-4536-8BE3-12F424FABA10}.AppStore|x64.Build.0 = Debug|Any CPU
		{9A56B620-C923-4536-8BE3-12F424FABA10}.AppStore|x86.ActiveCfg = Debug|Any CPU
		{9A56B620-C923-4536-8BE3-12F424FABA10}.AppStore|x86.Build.0 = Debug|Any CPU
		{9A56B620-C923-4536-8BE3-12F424FABA10}.Debug|Any CPU.ActiveCfg = Debug|Any CPU
		{9A56B620-C923-4536-8BE3-12F424FABA10}.Debug|Any CPU.Build.0 = Debug|Any CPU
		{9A56B620-C923-4536-8BE3-12F424FABA10}.Debug|ARM.ActiveCfg = Debug|Any CPU
		{9A56B620-C923-4536-8BE3-12F424FABA10}.Debug|ARM.Build.0 = Debug|Any CPU
		{9A56B620-C923-4536-8BE3-12F424FABA10}.Debug|ARM64.ActiveCfg = Debug|Any CPU
		{9A56B620-C923-4536-8BE3-12F424FABA10}.Debug|ARM64.Build.0 = Debug|Any CPU
		{9A56B620-C923-4536-8BE3-12F424FABA10}.Debug|iPhone.ActiveCfg = Debug|Any CPU
		{9A56B620-C923-4536-8BE3-12F424FABA10}.Debug|iPhone.Build.0 = Debug|Any CPU
		{9A56B620-C923-4536-8BE3-12F424FABA10}.Debug|iPhoneSimulator.ActiveCfg = Debug|Any CPU
		{9A56B620-C923-4536-8BE3-12F424FABA10}.Debug|iPhoneSimulator.Build.0 = Debug|Any CPU
		{9A56B620-C923-4536-8BE3-12F424FABA10}.Debug|x64.ActiveCfg = Debug|Any CPU
		{9A56B620-C923-4536-8BE3-12F424FABA10}.Debug|x64.Build.0 = Debug|Any CPU
		{9A56B620-C923-4536-8BE3-12F424FABA10}.Debug|x86.ActiveCfg = Debug|Any CPU
		{9A56B620-C923-4536-8BE3-12F424FABA10}.Debug|x86.Build.0 = Debug|Any CPU
		{9A56B620-C923-4536-8BE3-12F424FABA10}.Release|Any CPU.ActiveCfg = Release|Any CPU
		{9A56B620-C923-4536-8BE3-12F424FABA10}.Release|Any CPU.Build.0 = Release|Any CPU
		{9A56B620-C923-4536-8BE3-12F424FABA10}.Release|ARM.ActiveCfg = Release|Any CPU
		{9A56B620-C923-4536-8BE3-12F424FABA10}.Release|ARM.Build.0 = Release|Any CPU
		{9A56B620-C923-4536-8BE3-12F424FABA10}.Release|ARM64.ActiveCfg = Release|Any CPU
		{9A56B620-C923-4536-8BE3-12F424FABA10}.Release|ARM64.Build.0 = Release|Any CPU
		{9A56B620-C923-4536-8BE3-12F424FABA10}.Release|iPhone.ActiveCfg = Release|Any CPU
		{9A56B620-C923-4536-8BE3-12F424FABA10}.Release|iPhone.Build.0 = Release|Any CPU
		{9A56B620-C923-4536-8BE3-12F424FABA10}.Release|iPhoneSimulator.ActiveCfg = Release|Any CPU
		{9A56B620-C923-4536-8BE3-12F424FABA10}.Release|iPhoneSimulator.Build.0 = Release|Any CPU
		{9A56B620-C923-4536-8BE3-12F424FABA10}.Release|x64.ActiveCfg = Release|Any CPU
		{9A56B620-C923-4536-8BE3-12F424FABA10}.Release|x64.Build.0 = Release|Any CPU
		{9A56B620-C923-4536-8BE3-12F424FABA10}.Release|x86.ActiveCfg = Release|Any CPU
		{9A56B620-C923-4536-8BE3-12F424FABA10}.Release|x86.Build.0 = Release|Any CPU
		{2E696CF8-A6E9-44A1-B950-F39B0353A388}.Ad-Hoc|Any CPU.ActiveCfg = Debug|Any CPU
		{2E696CF8-A6E9-44A1-B950-F39B0353A388}.Ad-Hoc|Any CPU.Build.0 = Debug|Any CPU
		{2E696CF8-A6E9-44A1-B950-F39B0353A388}.Ad-Hoc|ARM.ActiveCfg = Debug|Any CPU
		{2E696CF8-A6E9-44A1-B950-F39B0353A388}.Ad-Hoc|ARM.Build.0 = Debug|Any CPU
		{2E696CF8-A6E9-44A1-B950-F39B0353A388}.Ad-Hoc|ARM64.ActiveCfg = Debug|Any CPU
		{2E696CF8-A6E9-44A1-B950-F39B0353A388}.Ad-Hoc|ARM64.Build.0 = Debug|Any CPU
		{2E696CF8-A6E9-44A1-B950-F39B0353A388}.Ad-Hoc|iPhone.ActiveCfg = Debug|Any CPU
		{2E696CF8-A6E9-44A1-B950-F39B0353A388}.Ad-Hoc|iPhone.Build.0 = Debug|Any CPU
		{2E696CF8-A6E9-44A1-B950-F39B0353A388}.Ad-Hoc|iPhoneSimulator.ActiveCfg = Debug|Any CPU
		{2E696CF8-A6E9-44A1-B950-F39B0353A388}.Ad-Hoc|iPhoneSimulator.Build.0 = Debug|Any CPU
		{2E696CF8-A6E9-44A1-B950-F39B0353A388}.Ad-Hoc|x64.ActiveCfg = Debug|Any CPU
		{2E696CF8-A6E9-44A1-B950-F39B0353A388}.Ad-Hoc|x64.Build.0 = Debug|Any CPU
		{2E696CF8-A6E9-44A1-B950-F39B0353A388}.Ad-Hoc|x86.ActiveCfg = Debug|Any CPU
		{2E696CF8-A6E9-44A1-B950-F39B0353A388}.Ad-Hoc|x86.Build.0 = Debug|Any CPU
		{2E696CF8-A6E9-44A1-B950-F39B0353A388}.AppStore|Any CPU.ActiveCfg = Debug|Any CPU
		{2E696CF8-A6E9-44A1-B950-F39B0353A388}.AppStore|Any CPU.Build.0 = Debug|Any CPU
		{2E696CF8-A6E9-44A1-B950-F39B0353A388}.AppStore|ARM.ActiveCfg = Debug|Any CPU
		{2E696CF8-A6E9-44A1-B950-F39B0353A388}.AppStore|ARM.Build.0 = Debug|Any CPU
		{2E696CF8-A6E9-44A1-B950-F39B0353A388}.AppStore|ARM64.ActiveCfg = Debug|Any CPU
		{2E696CF8-A6E9-44A1-B950-F39B0353A388}.AppStore|ARM64.Build.0 = Debug|Any CPU
		{2E696CF8-A6E9-44A1-B950-F39B0353A388}.AppStore|iPhone.ActiveCfg = Debug|Any CPU
		{2E696CF8-A6E9-44A1-B950-F39B0353A388}.AppStore|iPhone.Build.0 = Debug|Any CPU
		{2E696CF8-A6E9-44A1-B950-F39B0353A388}.AppStore|iPhoneSimulator.ActiveCfg = Debug|Any CPU
		{2E696CF8-A6E9-44A1-B950-F39B0353A388}.AppStore|iPhoneSimulator.Build.0 = Debug|Any CPU
		{2E696CF8-A6E9-44A1-B950-F39B0353A388}.AppStore|x64.ActiveCfg = Debug|Any CPU
		{2E696CF8-A6E9-44A1-B950-F39B0353A388}.AppStore|x64.Build.0 = Debug|Any CPU
		{2E696CF8-A6E9-44A1-B950-F39B0353A388}.AppStore|x86.ActiveCfg = Debug|Any CPU
		{2E696CF8-A6E9-44A1-B950-F39B0353A388}.AppStore|x86.Build.0 = Debug|Any CPU
		{2E696CF8-A6E9-44A1-B950-F39B0353A388}.Debug|Any CPU.ActiveCfg = Debug|Any CPU
		{2E696CF8-A6E9-44A1-B950-F39B0353A388}.Debug|Any CPU.Build.0 = Debug|Any CPU
		{2E696CF8-A6E9-44A1-B950-F39B0353A388}.Debug|ARM.ActiveCfg = Debug|Any CPU
		{2E696CF8-A6E9-44A1-B950-F39B0353A388}.Debug|ARM.Build.0 = Debug|Any CPU
		{2E696CF8-A6E9-44A1-B950-F39B0353A388}.Debug|ARM64.ActiveCfg = Debug|Any CPU
		{2E696CF8-A6E9-44A1-B950-F39B0353A388}.Debug|ARM64.Build.0 = Debug|Any CPU
		{2E696CF8-A6E9-44A1-B950-F39B0353A388}.Debug|iPhone.ActiveCfg = Debug|Any CPU
		{2E696CF8-A6E9-44A1-B950-F39B0353A388}.Debug|iPhone.Build.0 = Debug|Any CPU
		{2E696CF8-A6E9-44A1-B950-F39B0353A388}.Debug|iPhoneSimulator.ActiveCfg = Debug|Any CPU
		{2E696CF8-A6E9-44A1-B950-F39B0353A388}.Debug|iPhoneSimulator.Build.0 = Debug|Any CPU
		{2E696CF8-A6E9-44A1-B950-F39B0353A388}.Debug|x64.ActiveCfg = Debug|Any CPU
		{2E696CF8-A6E9-44A1-B950-F39B0353A388}.Debug|x64.Build.0 = Debug|Any CPU
		{2E696CF8-A6E9-44A1-B950-F39B0353A388}.Debug|x86.ActiveCfg = Debug|Any CPU
		{2E696CF8-A6E9-44A1-B950-F39B0353A388}.Debug|x86.Build.0 = Debug|Any CPU
		{2E696CF8-A6E9-44A1-B950-F39B0353A388}.Release|Any CPU.ActiveCfg = Release|Any CPU
		{2E696CF8-A6E9-44A1-B950-F39B0353A388}.Release|Any CPU.Build.0 = Release|Any CPU
		{2E696CF8-A6E9-44A1-B950-F39B0353A388}.Release|ARM.ActiveCfg = Release|Any CPU
		{2E696CF8-A6E9-44A1-B950-F39B0353A388}.Release|ARM.Build.0 = Release|Any CPU
		{2E696CF8-A6E9-44A1-B950-F39B0353A388}.Release|ARM64.ActiveCfg = Release|Any CPU
		{2E696CF8-A6E9-44A1-B950-F39B0353A388}.Release|ARM64.Build.0 = Release|Any CPU
		{2E696CF8-A6E9-44A1-B950-F39B0353A388}.Release|iPhone.ActiveCfg = Release|Any CPU
		{2E696CF8-A6E9-44A1-B950-F39B0353A388}.Release|iPhone.Build.0 = Release|Any CPU
		{2E696CF8-A6E9-44A1-B950-F39B0353A388}.Release|iPhoneSimulator.ActiveCfg = Release|Any CPU
		{2E696CF8-A6E9-44A1-B950-F39B0353A388}.Release|iPhoneSimulator.Build.0 = Release|Any CPU
		{2E696CF8-A6E9-44A1-B950-F39B0353A388}.Release|x64.ActiveCfg = Release|Any CPU
		{2E696CF8-A6E9-44A1-B950-F39B0353A388}.Release|x64.Build.0 = Release|Any CPU
		{2E696CF8-A6E9-44A1-B950-F39B0353A388}.Release|x86.ActiveCfg = Release|Any CPU
		{2E696CF8-A6E9-44A1-B950-F39B0353A388}.Release|x86.Build.0 = Release|Any CPU
		{50BFF244-CFF5-4A6B-B1FF-9CB318EBD263}.Ad-Hoc|Any CPU.ActiveCfg = Debug|Any CPU
		{50BFF244-CFF5-4A6B-B1FF-9CB318EBD263}.Ad-Hoc|Any CPU.Build.0 = Debug|Any CPU
		{50BFF244-CFF5-4A6B-B1FF-9CB318EBD263}.Ad-Hoc|ARM.ActiveCfg = Debug|Any CPU
		{50BFF244-CFF5-4A6B-B1FF-9CB318EBD263}.Ad-Hoc|ARM.Build.0 = Debug|Any CPU
		{50BFF244-CFF5-4A6B-B1FF-9CB318EBD263}.Ad-Hoc|ARM64.ActiveCfg = Debug|Any CPU
		{50BFF244-CFF5-4A6B-B1FF-9CB318EBD263}.Ad-Hoc|ARM64.Build.0 = Debug|Any CPU
		{50BFF244-CFF5-4A6B-B1FF-9CB318EBD263}.Ad-Hoc|iPhone.ActiveCfg = Debug|Any CPU
		{50BFF244-CFF5-4A6B-B1FF-9CB318EBD263}.Ad-Hoc|iPhone.Build.0 = Debug|Any CPU
		{50BFF244-CFF5-4A6B-B1FF-9CB318EBD263}.Ad-Hoc|iPhoneSimulator.ActiveCfg = Debug|Any CPU
		{50BFF244-CFF5-4A6B-B1FF-9CB318EBD263}.Ad-Hoc|iPhoneSimulator.Build.0 = Debug|Any CPU
		{50BFF244-CFF5-4A6B-B1FF-9CB318EBD263}.Ad-Hoc|x64.ActiveCfg = Debug|Any CPU
		{50BFF244-CFF5-4A6B-B1FF-9CB318EBD263}.Ad-Hoc|x64.Build.0 = Debug|Any CPU
		{50BFF244-CFF5-4A6B-B1FF-9CB318EBD263}.Ad-Hoc|x86.ActiveCfg = Debug|Any CPU
		{50BFF244-CFF5-4A6B-B1FF-9CB318EBD263}.Ad-Hoc|x86.Build.0 = Debug|Any CPU
		{50BFF244-CFF5-4A6B-B1FF-9CB318EBD263}.AppStore|Any CPU.ActiveCfg = Debug|Any CPU
		{50BFF244-CFF5-4A6B-B1FF-9CB318EBD263}.AppStore|Any CPU.Build.0 = Debug|Any CPU
		{50BFF244-CFF5-4A6B-B1FF-9CB318EBD263}.AppStore|ARM.ActiveCfg = Debug|Any CPU
		{50BFF244-CFF5-4A6B-B1FF-9CB318EBD263}.AppStore|ARM.Build.0 = Debug|Any CPU
		{50BFF244-CFF5-4A6B-B1FF-9CB318EBD263}.AppStore|ARM64.ActiveCfg = Debug|Any CPU
		{50BFF244-CFF5-4A6B-B1FF-9CB318EBD263}.AppStore|ARM64.Build.0 = Debug|Any CPU
		{50BFF244-CFF5-4A6B-B1FF-9CB318EBD263}.AppStore|iPhone.ActiveCfg = Debug|Any CPU
		{50BFF244-CFF5-4A6B-B1FF-9CB318EBD263}.AppStore|iPhone.Build.0 = Debug|Any CPU
		{50BFF244-CFF5-4A6B-B1FF-9CB318EBD263}.AppStore|iPhoneSimulator.ActiveCfg = Debug|Any CPU
		{50BFF244-CFF5-4A6B-B1FF-9CB318EBD263}.AppStore|iPhoneSimulator.Build.0 = Debug|Any CPU
		{50BFF244-CFF5-4A6B-B1FF-9CB318EBD263}.AppStore|x64.ActiveCfg = Debug|Any CPU
		{50BFF244-CFF5-4A6B-B1FF-9CB318EBD263}.AppStore|x64.Build.0 = Debug|Any CPU
		{50BFF244-CFF5-4A6B-B1FF-9CB318EBD263}.AppStore|x86.ActiveCfg = Debug|Any CPU
		{50BFF244-CFF5-4A6B-B1FF-9CB318EBD263}.AppStore|x86.Build.0 = Debug|Any CPU
		{50BFF244-CFF5-4A6B-B1FF-9CB318EBD263}.Debug|Any CPU.ActiveCfg = Debug|Any CPU
		{50BFF244-CFF5-4A6B-B1FF-9CB318EBD263}.Debug|Any CPU.Build.0 = Debug|Any CPU
		{50BFF244-CFF5-4A6B-B1FF-9CB318EBD263}.Debug|ARM.ActiveCfg = Debug|Any CPU
		{50BFF244-CFF5-4A6B-B1FF-9CB318EBD263}.Debug|ARM.Build.0 = Debug|Any CPU
		{50BFF244-CFF5-4A6B-B1FF-9CB318EBD263}.Debug|ARM64.ActiveCfg = Debug|Any CPU
		{50BFF244-CFF5-4A6B-B1FF-9CB318EBD263}.Debug|ARM64.Build.0 = Debug|Any CPU
		{50BFF244-CFF5-4A6B-B1FF-9CB318EBD263}.Debug|iPhone.ActiveCfg = Debug|Any CPU
		{50BFF244-CFF5-4A6B-B1FF-9CB318EBD263}.Debug|iPhone.Build.0 = Debug|Any CPU
		{50BFF244-CFF5-4A6B-B1FF-9CB318EBD263}.Debug|iPhoneSimulator.ActiveCfg = Debug|Any CPU
		{50BFF244-CFF5-4A6B-B1FF-9CB318EBD263}.Debug|iPhoneSimulator.Build.0 = Debug|Any CPU
		{50BFF244-CFF5-4A6B-B1FF-9CB318EBD263}.Debug|x64.ActiveCfg = Debug|Any CPU
		{50BFF244-CFF5-4A6B-B1FF-9CB318EBD263}.Debug|x64.Build.0 = Debug|Any CPU
		{50BFF244-CFF5-4A6B-B1FF-9CB318EBD263}.Debug|x86.ActiveCfg = Debug|Any CPU
		{50BFF244-CFF5-4A6B-B1FF-9CB318EBD263}.Debug|x86.Build.0 = Debug|Any CPU
		{50BFF244-CFF5-4A6B-B1FF-9CB318EBD263}.Release|Any CPU.ActiveCfg = Release|Any CPU
		{50BFF244-CFF5-4A6B-B1FF-9CB318EBD263}.Release|Any CPU.Build.0 = Release|Any CPU
		{50BFF244-CFF5-4A6B-B1FF-9CB318EBD263}.Release|ARM.ActiveCfg = Release|Any CPU
		{50BFF244-CFF5-4A6B-B1FF-9CB318EBD263}.Release|ARM.Build.0 = Release|Any CPU
		{50BFF244-CFF5-4A6B-B1FF-9CB318EBD263}.Release|ARM64.ActiveCfg = Release|Any CPU
		{50BFF244-CFF5-4A6B-B1FF-9CB318EBD263}.Release|ARM64.Build.0 = Release|Any CPU
		{50BFF244-CFF5-4A6B-B1FF-9CB318EBD263}.Release|iPhone.ActiveCfg = Release|Any CPU
		{50BFF244-CFF5-4A6B-B1FF-9CB318EBD263}.Release|iPhone.Build.0 = Release|Any CPU
		{50BFF244-CFF5-4A6B-B1FF-9CB318EBD263}.Release|iPhoneSimulator.ActiveCfg = Release|Any CPU
		{50BFF244-CFF5-4A6B-B1FF-9CB318EBD263}.Release|iPhoneSimulator.Build.0 = Release|Any CPU
		{50BFF244-CFF5-4A6B-B1FF-9CB318EBD263}.Release|x64.ActiveCfg = Release|Any CPU
		{50BFF244-CFF5-4A6B-B1FF-9CB318EBD263}.Release|x64.Build.0 = Release|Any CPU
		{50BFF244-CFF5-4A6B-B1FF-9CB318EBD263}.Release|x86.ActiveCfg = Release|Any CPU
		{50BFF244-CFF5-4A6B-B1FF-9CB318EBD263}.Release|x86.Build.0 = Release|Any CPU
		{B4DFFDCA-5F66-4BC3-A92D-C49692A8C5F8}.Ad-Hoc|Any CPU.ActiveCfg = Debug|Any CPU
		{B4DFFDCA-5F66-4BC3-A92D-C49692A8C5F8}.Ad-Hoc|Any CPU.Build.0 = Debug|Any CPU
		{B4DFFDCA-5F66-4BC3-A92D-C49692A8C5F8}.Ad-Hoc|ARM.ActiveCfg = Debug|Any CPU
		{B4DFFDCA-5F66-4BC3-A92D-C49692A8C5F8}.Ad-Hoc|ARM.Build.0 = Debug|Any CPU
		{B4DFFDCA-5F66-4BC3-A92D-C49692A8C5F8}.Ad-Hoc|ARM64.ActiveCfg = Debug|Any CPU
		{B4DFFDCA-5F66-4BC3-A92D-C49692A8C5F8}.Ad-Hoc|ARM64.Build.0 = Debug|Any CPU
		{B4DFFDCA-5F66-4BC3-A92D-C49692A8C5F8}.Ad-Hoc|iPhone.ActiveCfg = Debug|Any CPU
		{B4DFFDCA-5F66-4BC3-A92D-C49692A8C5F8}.Ad-Hoc|iPhone.Build.0 = Debug|Any CPU
		{B4DFFDCA-5F66-4BC3-A92D-C49692A8C5F8}.Ad-Hoc|iPhoneSimulator.ActiveCfg = Debug|Any CPU
		{B4DFFDCA-5F66-4BC3-A92D-C49692A8C5F8}.Ad-Hoc|iPhoneSimulator.Build.0 = Debug|Any CPU
		{B4DFFDCA-5F66-4BC3-A92D-C49692A8C5F8}.Ad-Hoc|x64.ActiveCfg = Debug|Any CPU
		{B4DFFDCA-5F66-4BC3-A92D-C49692A8C5F8}.Ad-Hoc|x64.Build.0 = Debug|Any CPU
		{B4DFFDCA-5F66-4BC3-A92D-C49692A8C5F8}.Ad-Hoc|x86.ActiveCfg = Debug|Any CPU
		{B4DFFDCA-5F66-4BC3-A92D-C49692A8C5F8}.Ad-Hoc|x86.Build.0 = Debug|Any CPU
		{B4DFFDCA-5F66-4BC3-A92D-C49692A8C5F8}.AppStore|Any CPU.ActiveCfg = Debug|Any CPU
		{B4DFFDCA-5F66-4BC3-A92D-C49692A8C5F8}.AppStore|Any CPU.Build.0 = Debug|Any CPU
		{B4DFFDCA-5F66-4BC3-A92D-C49692A8C5F8}.AppStore|ARM.ActiveCfg = Debug|Any CPU
		{B4DFFDCA-5F66-4BC3-A92D-C49692A8C5F8}.AppStore|ARM.Build.0 = Debug|Any CPU
		{B4DFFDCA-5F66-4BC3-A92D-C49692A8C5F8}.AppStore|ARM64.ActiveCfg = Debug|Any CPU
		{B4DFFDCA-5F66-4BC3-A92D-C49692A8C5F8}.AppStore|ARM64.Build.0 = Debug|Any CPU
		{B4DFFDCA-5F66-4BC3-A92D-C49692A8C5F8}.AppStore|iPhone.ActiveCfg = Debug|Any CPU
		{B4DFFDCA-5F66-4BC3-A92D-C49692A8C5F8}.AppStore|iPhone.Build.0 = Debug|Any CPU
		{B4DFFDCA-5F66-4BC3-A92D-C49692A8C5F8}.AppStore|iPhoneSimulator.ActiveCfg = Debug|Any CPU
		{B4DFFDCA-5F66-4BC3-A92D-C49692A8C5F8}.AppStore|iPhoneSimulator.Build.0 = Debug|Any CPU
		{B4DFFDCA-5F66-4BC3-A92D-C49692A8C5F8}.AppStore|x64.ActiveCfg = Debug|Any CPU
		{B4DFFDCA-5F66-4BC3-A92D-C49692A8C5F8}.AppStore|x64.Build.0 = Debug|Any CPU
		{B4DFFDCA-5F66-4BC3-A92D-C49692A8C5F8}.AppStore|x86.ActiveCfg = Debug|Any CPU
		{B4DFFDCA-5F66-4BC3-A92D-C49692A8C5F8}.AppStore|x86.Build.0 = Debug|Any CPU
		{B4DFFDCA-5F66-4BC3-A92D-C49692A8C5F8}.Debug|Any CPU.ActiveCfg = Debug|Any CPU
		{B4DFFDCA-5F66-4BC3-A92D-C49692A8C5F8}.Debug|Any CPU.Build.0 = Debug|Any CPU
		{B4DFFDCA-5F66-4BC3-A92D-C49692A8C5F8}.Debug|ARM.ActiveCfg = Debug|Any CPU
		{B4DFFDCA-5F66-4BC3-A92D-C49692A8C5F8}.Debug|ARM.Build.0 = Debug|Any CPU
		{B4DFFDCA-5F66-4BC3-A92D-C49692A8C5F8}.Debug|ARM64.ActiveCfg = Debug|Any CPU
		{B4DFFDCA-5F66-4BC3-A92D-C49692A8C5F8}.Debug|ARM64.Build.0 = Debug|Any CPU
		{B4DFFDCA-5F66-4BC3-A92D-C49692A8C5F8}.Debug|iPhone.ActiveCfg = Debug|Any CPU
		{B4DFFDCA-5F66-4BC3-A92D-C49692A8C5F8}.Debug|iPhone.Build.0 = Debug|Any CPU
		{B4DFFDCA-5F66-4BC3-A92D-C49692A8C5F8}.Debug|iPhoneSimulator.ActiveCfg = Debug|Any CPU
		{B4DFFDCA-5F66-4BC3-A92D-C49692A8C5F8}.Debug|iPhoneSimulator.Build.0 = Debug|Any CPU
		{B4DFFDCA-5F66-4BC3-A92D-C49692A8C5F8}.Debug|x64.ActiveCfg = Debug|Any CPU
		{B4DFFDCA-5F66-4BC3-A92D-C49692A8C5F8}.Debug|x64.Build.0 = Debug|Any CPU
		{B4DFFDCA-5F66-4BC3-A92D-C49692A8C5F8}.Debug|x86.ActiveCfg = Debug|Any CPU
		{B4DFFDCA-5F66-4BC3-A92D-C49692A8C5F8}.Debug|x86.Build.0 = Debug|Any CPU
		{B4DFFDCA-5F66-4BC3-A92D-C49692A8C5F8}.Release|Any CPU.ActiveCfg = Release|Any CPU
		{B4DFFDCA-5F66-4BC3-A92D-C49692A8C5F8}.Release|Any CPU.Build.0 = Release|Any CPU
		{B4DFFDCA-5F66-4BC3-A92D-C49692A8C5F8}.Release|ARM.ActiveCfg = Release|Any CPU
		{B4DFFDCA-5F66-4BC3-A92D-C49692A8C5F8}.Release|ARM.Build.0 = Release|Any CPU
		{B4DFFDCA-5F66-4BC3-A92D-C49692A8C5F8}.Release|ARM64.ActiveCfg = Release|Any CPU
		{B4DFFDCA-5F66-4BC3-A92D-C49692A8C5F8}.Release|ARM64.Build.0 = Release|Any CPU
		{B4DFFDCA-5F66-4BC3-A92D-C49692A8C5F8}.Release|iPhone.ActiveCfg = Release|Any CPU
		{B4DFFDCA-5F66-4BC3-A92D-C49692A8C5F8}.Release|iPhone.Build.0 = Release|Any CPU
		{B4DFFDCA-5F66-4BC3-A92D-C49692A8C5F8}.Release|iPhoneSimulator.ActiveCfg = Release|Any CPU
		{B4DFFDCA-5F66-4BC3-A92D-C49692A8C5F8}.Release|iPhoneSimulator.Build.0 = Release|Any CPU
		{B4DFFDCA-5F66-4BC3-A92D-C49692A8C5F8}.Release|x64.ActiveCfg = Release|Any CPU
		{B4DFFDCA-5F66-4BC3-A92D-C49692A8C5F8}.Release|x64.Build.0 = Release|Any CPU
		{B4DFFDCA-5F66-4BC3-A92D-C49692A8C5F8}.Release|x86.ActiveCfg = Release|Any CPU
		{B4DFFDCA-5F66-4BC3-A92D-C49692A8C5F8}.Release|x86.Build.0 = Release|Any CPU
	EndGlobalSection
	GlobalSection(SolutionProperties) = preSolution
		HideSolutionNode = FALSE
	EndGlobalSection
	GlobalSection(NestedProjects) = preSolution
		{CC18421C-75DE-4F9F-A55E-DA4E99D3F58E} = {614F434E-3777-41D6-8D4C-B3EEBC1178BA}
		{E4A8BFE6-431D-4F88-9FC5-5F027D3849B9} = {614F434E-3777-41D6-8D4C-B3EEBC1178BA}
		{9EF453B5-67B0-45E6-B4C8-3860DAB8507D} = {614F434E-3777-41D6-8D4C-B3EEBC1178BA}
		{4A6B0B7F-3005-45B1-B5D4-7B5070569021} = {614F434E-3777-41D6-8D4C-B3EEBC1178BA}
		{20C412A2-5C10-4859-A1DA-D19B82D7C9C8} = {614F434E-3777-41D6-8D4C-B3EEBC1178BA}
		{C3861E22-B780-4067-8A24-3FE4F1378680} = {614F434E-3777-41D6-8D4C-B3EEBC1178BA}
		{9A56B620-C923-4536-8BE3-12F424FABA10} = {614F434E-3777-41D6-8D4C-B3EEBC1178BA}
		{2E696CF8-A6E9-44A1-B950-F39B0353A388} = {614F434E-3777-41D6-8D4C-B3EEBC1178BA}
		{50BFF244-CFF5-4A6B-B1FF-9CB318EBD263} = {614F434E-3777-41D6-8D4C-B3EEBC1178BA}
	EndGlobalSection
	GlobalSection(ExtensibilityGlobals) = postSolution
		SolutionGuid = {3E4197E4-215E-47FE-9C40-F435A76ACA7A}
	EndGlobalSection
EndGlobal
